// !$*UTF8*$!
{
	archiveVersion = 1;
	classes = {
	};
	objectVersion = 46;
	objects = {

/* Begin PBXBuildFile section */
		E4047AAB15D1413F00C20F23 /* OverlayView.xib in Resources */ = {isa = PBXBuildFile; fileRef = E4047AAA15D1413F00C20F23 /* OverlayView.xib */; };
		E4047AAE15D1425600C20F23 /* backgroundColor.png in Resources */ = {isa = PBXBuildFile; fileRef = E4047AAD15D1425600C20F23 /* backgroundColor.png */; };
		E40A8B9915D3F18D0004E841 /* SquareEditView.m in Sources */ = {isa = PBXBuildFile; fileRef = E40A8B9815D3F18D0004E841 /* SquareEditView.m */; };
		E40A8BA215D3FC840004E841 /* ImageToDag.m in Sources */ = {isa = PBXBuildFile; fileRef = E40A8BA115D3FC840004E841 /* ImageToDag.m */; };
		E40A8BA515D3FEF30004E841 /* StyleCropView.m in Sources */ = {isa = PBXBuildFile; fileRef = E40A8BA415D3FEF30004E841 /* StyleCropView.m */; };
		E40A8BA715D3FF0B0004E841 /* StyleCropView.xib in Resources */ = {isa = PBXBuildFile; fileRef = E40A8BA615D3FF0B0004E841 /* StyleCropView.xib */; };
		E40F7FC715CCCDEE00D354A7 /* DragDropImageView.m in Sources */ = {isa = PBXBuildFile; fileRef = E40F7FC615CCCDEE00D354A7 /* DragDropImageView.m */; };
		E424F30015CCFC0B006B588F /* SproutScrollView.m in Sources */ = {isa = PBXBuildFile; fileRef = E424F2FF15CCFC0B006B588F /* SproutScrollView.m */; };
		E43FAE7715CA0C4200CF628C /* UIKit.framework in Frameworks */ = {isa = PBXBuildFile; fileRef = E43FAE7615CA0C4200CF628C /* UIKit.framework */; };
		E43FAE7915CA0C4200CF628C /* Foundation.framework in Frameworks */ = {isa = PBXBuildFile; fileRef = E43FAE7815CA0C4200CF628C /* Foundation.framework */; };
		E43FAE7B15CA0C4200CF628C /* CoreGraphics.framework in Frameworks */ = {isa = PBXBuildFile; fileRef = E43FAE7A15CA0C4200CF628C /* CoreGraphics.framework */; };
		E43FAE7D15CA0C4200CF628C /* CoreData.framework in Frameworks */ = {isa = PBXBuildFile; fileRef = E43FAE7C15CA0C4200CF628C /* CoreData.framework */; };
		E43FAE8315CA0C4200CF628C /* InfoPlist.strings in Resources */ = {isa = PBXBuildFile; fileRef = E43FAE8115CA0C4200CF628C /* InfoPlist.strings */; };
		E43FAE8515CA0C4200CF628C /* main.m in Sources */ = {isa = PBXBuildFile; fileRef = E43FAE8415CA0C4200CF628C /* main.m */; };
		E43FAE8915CA0C4300CF628C /* CNCAppDelegate.m in Sources */ = {isa = PBXBuildFile; fileRef = E43FAE8815CA0C4300CF628C /* CNCAppDelegate.m */; };
		E43FAE8C15CA0C4300CF628C /* SPROUT_Prj.xcdatamodeld in Sources */ = {isa = PBXBuildFile; fileRef = E43FAE8A15CA0C4300CF628C /* SPROUT_Prj.xcdatamodeld */; };
		E43FAE9415CA0C4300CF628C /* SenTestingKit.framework in Frameworks */ = {isa = PBXBuildFile; fileRef = E43FAE9315CA0C4300CF628C /* SenTestingKit.framework */; };
		E43FAE9515CA0C4300CF628C /* UIKit.framework in Frameworks */ = {isa = PBXBuildFile; fileRef = E43FAE7615CA0C4200CF628C /* UIKit.framework */; };
		E43FAE9615CA0C4300CF628C /* Foundation.framework in Frameworks */ = {isa = PBXBuildFile; fileRef = E43FAE7815CA0C4200CF628C /* Foundation.framework */; };
		E43FAE9715CA0C4300CF628C /* CoreData.framework in Frameworks */ = {isa = PBXBuildFile; fileRef = E43FAE7C15CA0C4200CF628C /* CoreData.framework */; };
		E43FAE9F15CA0C4300CF628C /* InfoPlist.strings in Resources */ = {isa = PBXBuildFile; fileRef = E43FAE9D15CA0C4300CF628C /* InfoPlist.strings */; };
		E43FAEA215CA0C4300CF628C /* SPROUT_PrjTests.m in Sources */ = {isa = PBXBuildFile; fileRef = E43FAEA115CA0C4300CF628C /* SPROUT_PrjTests.m */; };
		E43FAEAF15CA0C6D00CF628C /* TakePhotoViewController.m in Sources */ = {isa = PBXBuildFile; fileRef = E43FAEAD15CA0C6D00CF628C /* TakePhotoViewController.m */; };
		E43FAEB015CA0C6D00CF628C /* TakePhotoViewController.xib in Resources */ = {isa = PBXBuildFile; fileRef = E43FAEAE15CA0C6D00CF628C /* TakePhotoViewController.xib */; };
		E43FAEB415CA0F1900CF628C /* Splash.png in Resources */ = {isa = PBXBuildFile; fileRef = E43FAEB315CA0F1900CF628C /* Splash.png */; };
		E440676D15D35F7F00F7729D /* noPhoto.png in Resources */ = {isa = PBXBuildFile; fileRef = E440676C15D35F7F00F7729D /* noPhoto.png */; };
		E459323715CF71D1009A5D1C /* Sprout.m in Sources */ = {isa = PBXBuildFile; fileRef = E459323615CF71D1009A5D1C /* Sprout.m */; };
		E462064915D3C6BF00CDCA0F /* OpenGLES.framework in Frameworks */ = {isa = PBXBuildFile; fileRef = E462064815D3C6BF00CDCA0F /* OpenGLES.framework */; };
		E47AA0A615CB7D4400544164 /* SendEmailViewController.m in Sources */ = {isa = PBXBuildFile; fileRef = E47AA0A415CB7D4400544164 /* SendEmailViewController.m */; };
		E47AA0A715CB7D4400544164 /* SendEmailViewController.xib in Resources */ = {isa = PBXBuildFile; fileRef = E47AA0A515CB7D4400544164 /* SendEmailViewController.xib */; };
		E47AA0AC15CB7F4D00544164 /* PurcharseCanvasViewController.m in Sources */ = {isa = PBXBuildFile; fileRef = E47AA0AA15CB7F4D00544164 /* PurcharseCanvasViewController.m */; };
		E47AA0AD15CB7F4D00544164 /* PurcharseCanvasViewController.xib in Resources */ = {isa = PBXBuildFile; fileRef = E47AA0AB15CB7F4D00544164 /* PurcharseCanvasViewController.xib */; };
		E47AA0B215CB812500544164 /* ConfirmPurchaseViewController.m in Sources */ = {isa = PBXBuildFile; fileRef = E47AA0B015CB812500544164 /* ConfirmPurchaseViewController.m */; };
		E47AA0B315CB812500544164 /* ConfirmPurchaseViewController.xib in Resources */ = {isa = PBXBuildFile; fileRef = E47AA0B115CB812500544164 /* ConfirmPurchaseViewController.xib */; };
		E47AA0B815CB881F00544164 /* ViewPhotoInSproutViewController.m in Sources */ = {isa = PBXBuildFile; fileRef = E47AA0B615CB881F00544164 /* ViewPhotoInSproutViewController.m */; };
		E47AA0B915CB881F00544164 /* ViewPhotoInSproutViewController.xib in Resources */ = {isa = PBXBuildFile; fileRef = E47AA0B715CB881F00544164 /* ViewPhotoInSproutViewController.xib */; };
		E47AA0BE15CB915A00544164 /* EditImageViewController.m in Sources */ = {isa = PBXBuildFile; fileRef = E47AA0BC15CB915A00544164 /* EditImageViewController.m */; };
		E47AA0BF15CB915A00544164 /* EditImageViewController.xib in Resources */ = {isa = PBXBuildFile; fileRef = E47AA0BD15CB915A00544164 /* EditImageViewController.xib */; };
		E47AA0C915CBACC000544164 /* ReminderViewController.m in Sources */ = {isa = PBXBuildFile; fileRef = E47AA0C715CBACC000544164 /* ReminderViewController.m */; };
		E47AA0CA15CBACC000544164 /* ReminderViewController.xib in Resources */ = {isa = PBXBuildFile; fileRef = E47AA0C815CBACC000544164 /* ReminderViewController.xib */; };
		E47ABE6E15CD301100CCDCF0 /* QuartzCore.framework in Frameworks */ = {isa = PBXBuildFile; fileRef = E47ABE6D15CD301100CCDCF0 /* QuartzCore.framework */; };
		E496C28515CA16190002DFEA /* SaveorDiscardPhotoViewController.m in Sources */ = {isa = PBXBuildFile; fileRef = E496C28315CA16190002DFEA /* SaveorDiscardPhotoViewController.m */; };
		E496C28615CA16190002DFEA /* SaveorDiscardPhotoViewController.xib in Resources */ = {isa = PBXBuildFile; fileRef = E496C28415CA16190002DFEA /* SaveorDiscardPhotoViewController.xib */; };
		E496C28815CA18E40002DFEA /* baby.png in Resources */ = {isa = PBXBuildFile; fileRef = E496C28715CA18E40002DFEA /* baby.png */; };
		E496C29115CA1A400002DFEA /* MainViewController.m in Sources */ = {isa = PBXBuildFile; fileRef = E496C28F15CA1A400002DFEA /* MainViewController.m */; };
		E496C29215CA1A400002DFEA /* MainViewController.xib in Resources */ = {isa = PBXBuildFile; fileRef = E496C29015CA1A400002DFEA /* MainViewController.xib */; };
		E496C29415CA20F50002DFEA /* temCapture.png in Resources */ = {isa = PBXBuildFile; fileRef = E496C29315CA20F50002DFEA /* temCapture.png */; };
		E496C29915CA21A40002DFEA /* ContinueAfterSaveViewController.m in Sources */ = {isa = PBXBuildFile; fileRef = E496C29715CA21A40002DFEA /* ContinueAfterSaveViewController.m */; };
		E496C29A15CA21A40002DFEA /* ContinueAfterSaveViewController.xib in Resources */ = {isa = PBXBuildFile; fileRef = E496C29815CA21A40002DFEA /* ContinueAfterSaveViewController.xib */; };
		E496C29E15CA25E90002DFEA /* HiddenNavigationController.m in Sources */ = {isa = PBXBuildFile; fileRef = E496C29D15CA25E90002DFEA /* HiddenNavigationController.m */; };
		E496C2A315CA27FE0002DFEA /* UploadToSproutViewController.m in Sources */ = {isa = PBXBuildFile; fileRef = E496C2A115CA27FE0002DFEA /* UploadToSproutViewController.m */; };
		E496C2A415CA27FE0002DFEA /* UploadToSproutViewController.xib in Resources */ = {isa = PBXBuildFile; fileRef = E496C2A215CA27FE0002DFEA /* UploadToSproutViewController.xib */; };
		E496C2AC15CA29390002DFEA /* CellSproutCustomView.m in Sources */ = {isa = PBXBuildFile; fileRef = E496C2AB15CA29390002DFEA /* CellSproutCustomView.m */; };
		E496C2AE15CA29510002DFEA /* CellSproutCustomView.xib in Resources */ = {isa = PBXBuildFile; fileRef = E496C2AD15CA29510002DFEA /* CellSproutCustomView.xib */; };
		E49F209715CE779300D2A932 /* Twitter.framework in Frameworks */ = {isa = PBXBuildFile; fileRef = E49F209615CE779300D2A932 /* Twitter.framework */; settings = {ATTRIBUTES = (Weak, ); }; };
		E49F209C15CE77BB00D2A932 /* AssetsLibrary.framework in Frameworks */ = {isa = PBXBuildFile; fileRef = E49F209B15CE77BB00D2A932 /* AssetsLibrary.framework */; };
		E49F20A215CE7EB600D2A932 /* FacebookSDKResources.bundle in Resources */ = {isa = PBXBuildFile; fileRef = E49F20A115CE7EB600D2A932 /* FacebookSDKResources.bundle */; };
		E49F20A415CE7F7D00D2A932 /* FacebookSDK.framework in Frameworks */ = {isa = PBXBuildFile; fileRef = E49F20A315CE7F7D00D2A932 /* FacebookSDK.framework */; };
		E49F20A615CE842D00D2A932 /* checked.png in Resources */ = {isa = PBXBuildFile; fileRef = E49F20A515CE842D00D2A932 /* checked.png */; };
		E4A92C4B15D2795D001675FB /* backgroundColor copy.png in Resources */ = {isa = PBXBuildFile; fileRef = E4A92C4A15D2795D001675FB /* backgroundColor copy.png */; };
		E4A92C4E15D27DB8001675FB /* Untitled-1bg001.png in Resources */ = {isa = PBXBuildFile; fileRef = E4A92C4C15D27DB8001675FB /* Untitled-1bg001.png */; };
		E4A92C4F15D27DB8001675FB /* Untitled-1bg002.png in Resources */ = {isa = PBXBuildFile; fileRef = E4A92C4D15D27DB8001675FB /* Untitled-1bg002.png */; };
		E4B82BA015CA3C6400B14E6A /* DragToSproutViewController.m in Sources */ = {isa = PBXBuildFile; fileRef = E4B82B9E15CA3C6400B14E6A /* DragToSproutViewController.m */; };
		E4B82BA115CA3C6400B14E6A /* DragToSproutViewController.xib in Resources */ = {isa = PBXBuildFile; fileRef = E4B82B9F15CA3C6400B14E6A /* DragToSproutViewController.xib */; };
		E4B82BA615CA407300B14E6A /* SelectGridSizeViewController.m in Sources */ = {isa = PBXBuildFile; fileRef = E4B82BA415CA407300B14E6A /* SelectGridSizeViewController.m */; };
		E4B82BA715CA407300B14E6A /* SelectGridSizeViewController.xib in Resources */ = {isa = PBXBuildFile; fileRef = E4B82BA515CA407300B14E6A /* SelectGridSizeViewController.xib */; };
		E4BCEF7C15CE90AD006E7A0D /* MobileCoreServices.framework in Frameworks */ = {isa = PBXBuildFile; fileRef = E4BCEF7B15CE90AD006E7A0D /* MobileCoreServices.framework */; };
		E4C9D5F915D4CBCB00A69C5C /* FiltersView.m in Sources */ = {isa = PBXBuildFile; fileRef = E4C9D5F815D4CBCB00A69C5C /* FiltersView.m */; };
		E4C9D5FC15D4CBDD00A69C5C /* FiltersView.xib in Resources */ = {isa = PBXBuildFile; fileRef = E4C9D5FB15D4CBDD00A69C5C /* FiltersView.xib */; };
		E4D9D96C15CBBA27007B94C5 /* face.png in Resources */ = {isa = PBXBuildFile; fileRef = E4D9D96815CBBA27007B94C5 /* face.png */; };
		E4D9D96D15CBBA27007B94C5 /* up.png in Resources */ = {isa = PBXBuildFile; fileRef = E4D9D96915CBBA27007B94C5 /* up.png */; };
		E4D9D96E15CBBA27007B94C5 /* edit.png in Resources */ = {isa = PBXBuildFile; fileRef = E4D9D96A15CBBA27007B94C5 /* edit.png */; };
		E4D9D96F15CBBA27007B94C5 /* twi.png in Resources */ = {isa = PBXBuildFile; fileRef = E4D9D96B15CBBA27007B94C5 /* twi.png */; };
		E4D9D97815CBBAAA007B94C5 /* clock.png in Resources */ = {isa = PBXBuildFile; fileRef = E4D9D97115CBBAAA007B94C5 /* clock.png */; };
		E4D9D97915CBBAAA007B94C5 /* viewS.png in Resources */ = {isa = PBXBuildFile; fileRef = E4D9D97215CBBAAA007B94C5 /* viewS.png */; };
		E4D9D97A15CBBAAA007B94C5 /* newS.png in Resources */ = {isa = PBXBuildFile; fileRef = E4D9D97315CBBAAA007B94C5 /* newS.png */; };
		E4D9D97B15CBBAAA007B94C5 /* CapI.png in Resources */ = {isa = PBXBuildFile; fileRef = E4D9D97415CBBAAA007B94C5 /* CapI.png */; };
		E4D9D97C15CBBAAA007B94C5 /* LogoS.png in Resources */ = {isa = PBXBuildFile; fileRef = E4D9D97515CBBAAA007B94C5 /* LogoS.png */; };
		E4D9D97D15CBBAAA007B94C5 /* LoadI.png in Resources */ = {isa = PBXBuildFile; fileRef = E4D9D97615CBBAAA007B94C5 /* LoadI.png */; };
		E4D9D97E15CBBAAA007B94C5 /* Cap.png in Resources */ = {isa = PBXBuildFile; fileRef = E4D9D97715CBBAAA007B94C5 /* Cap.png */; };
		E4D9D98215CBBD47007B94C5 /* Homebut.png in Resources */ = {isa = PBXBuildFile; fileRef = E4D9D97F15CBBD45007B94C5 /* Homebut.png */; };
		E4D9D98315CBBD47007B94C5 /* pur.png in Resources */ = {isa = PBXBuildFile; fileRef = E4D9D98015CBBD46007B94C5 /* pur.png */; };
		E4D9D98415CBBD47007B94C5 /* linkin.png in Resources */ = {isa = PBXBuildFile; fileRef = E4D9D98115CBBD46007B94C5 /* linkin.png */; };
		E4D9D98B15CBBEA1007B94C5 /* rot.png in Resources */ = {isa = PBXBuildFile; fileRef = E4D9D98515CBBE9D007B94C5 /* rot.png */; };
		E4D9D98C15CBBEA1007B94C5 /* eff.png in Resources */ = {isa = PBXBuildFile; fileRef = E4D9D98615CBBE9E007B94C5 /* eff.png */; };
		E4D9D98D15CBBEA1007B94C5 /* crop.png in Resources */ = {isa = PBXBuildFile; fileRef = E4D9D98715CBBE9F007B94C5 /* crop.png */; };
		E4D9D98E15CBBEA1007B94C5 /* cor.png in Resources */ = {isa = PBXBuildFile; fileRef = E4D9D98815CBBE9F007B94C5 /* cor.png */; };
		E4D9D98F15CBBEA1007B94C5 /* exp.png in Resources */ = {isa = PBXBuildFile; fileRef = E4D9D98915CBBEA0007B94C5 /* exp.png */; };
		E4D9D99015CBBEA1007B94C5 /* sav.png in Resources */ = {isa = PBXBuildFile; fileRef = E4D9D98A15CBBEA1007B94C5 /* sav.png */; };
		E4D9D99315CBBF8A007B94C5 /* saveBut.png in Resources */ = {isa = PBXBuildFile; fileRef = E4D9D99115CBBF88007B94C5 /* saveBut.png */; };
		E4D9D99415CBBF8A007B94C5 /* discardBut.png in Resources */ = {isa = PBXBuildFile; fileRef = E4D9D99215CBBF89007B94C5 /* discardBut.png */; };
		E4E5809415D3AEAC00EA9D54 /* StyleColorView.m in Sources */ = {isa = PBXBuildFile; fileRef = E4E5809315D3AEAC00EA9D54 /* StyleColorView.m */; };
		E4E5809615D3AEBE00EA9D54 /* StyleColorView.xib in Resources */ = {isa = PBXBuildFile; fileRef = E4E5809515D3AEBD00EA9D54 /* StyleColorView.xib */; };
		E4E5809C15D3B27200EA9D54 /* slider1.png in Resources */ = {isa = PBXBuildFile; fileRef = E4E5809715D3B27200EA9D54 /* slider1.png */; };
		E4E5809D15D3B27200EA9D54 /* slider2.png in Resources */ = {isa = PBXBuildFile; fileRef = E4E5809815D3B27200EA9D54 /* slider2.png */; };
		E4E5809E15D3B27200EA9D54 /* slider3.png in Resources */ = {isa = PBXBuildFile; fileRef = E4E5809915D3B27200EA9D54 /* slider3.png */; };
		E4E5809F15D3B27200EA9D54 /* slider.png in Resources */ = {isa = PBXBuildFile; fileRef = E4E5809A15D3B27200EA9D54 /* slider.png */; };
		E4E580A015D3B27200EA9D54 /* whiteslide.png in Resources */ = {isa = PBXBuildFile; fileRef = E4E5809B15D3B27200EA9D54 /* whiteslide.png */; };
		E4F1B55E15D0AD3C00558FFC /* OverlayView.m in Sources */ = {isa = PBXBuildFile; fileRef = E4F1B55D15D0AD3C00558FFC /* OverlayView.m */; };
		E4F1B56015D0AE7900558FFC /* overlaygraphic.png in Resources */ = {isa = PBXBuildFile; fileRef = E4F1B55F15D0AE7900558FFC /* overlaygraphic.png */; };
		E4F6441315CA59C300E068AD /* CreateSproutViewController.m in Sources */ = {isa = PBXBuildFile; fileRef = E4F6441115CA59C300E068AD /* CreateSproutViewController.m */; };
		E4F6441415CA59C300E068AD /* CreateSproutViewController.xib in Resources */ = {isa = PBXBuildFile; fileRef = E4F6441215CA59C300E068AD /* CreateSproutViewController.xib */; };
		E4F6442D15CA726D00E068AD /* SaveSproutViewController.m in Sources */ = {isa = PBXBuildFile; fileRef = E4F6442B15CA726D00E068AD /* SaveSproutViewController.m */; };
		E4F6442E15CA726D00E068AD /* SaveSproutViewController.xib in Resources */ = {isa = PBXBuildFile; fileRef = E4F6442C15CA726D00E068AD /* SaveSproutViewController.xib */; };
		E4F6443315CA7BCC00E068AD /* ViewSproutViewController.m in Sources */ = {isa = PBXBuildFile; fileRef = E4F6443115CA7BCC00E068AD /* ViewSproutViewController.m */; };
		E4F6443415CA7BCC00E068AD /* ViewSproutViewController.xib in Resources */ = {isa = PBXBuildFile; fileRef = E4F6443215CA7BCC00E068AD /* ViewSproutViewController.xib */; };
		E4F6443D15CA8F7500E068AD /* ExportSproutViewController.m in Sources */ = {isa = PBXBuildFile; fileRef = E4F6443B15CA8F7500E068AD /* ExportSproutViewController.m */; };
		E4F6443E15CA8F7500E068AD /* ExportSproutViewController.xib in Resources */ = {isa = PBXBuildFile; fileRef = E4F6443C15CA8F7500E068AD /* ExportSproutViewController.xib */; };
		E4F689D315D0F57600837FBD /* icon.png in Resources */ = {isa = PBXBuildFile; fileRef = E4F689D215D0F57600837FBD /* icon.png */; };
/* End PBXBuildFile section */

/* Begin PBXContainerItemProxy section */
		E43FAE9815CA0C4300CF628C /* PBXContainerItemProxy */ = {
			isa = PBXContainerItemProxy;
			containerPortal = E43FAE6915CA0C4200CF628C /* Project object */;
			proxyType = 1;
			remoteGlobalIDString = E43FAE7115CA0C4200CF628C;
			remoteInfo = SPROUT_Prj;
		};
/* End PBXContainerItemProxy section */

/* Begin PBXFileReference section */
		E4047AAA15D1413F00C20F23 /* OverlayView.xib */ = {isa = PBXFileReference; fileEncoding = 4; lastKnownFileType = file.xib; path = OverlayView.xib; sourceTree = "<group>"; };
		E4047AAD15D1425600C20F23 /* backgroundColor.png */ = {isa = PBXFileReference; lastKnownFileType = image.png; path = backgroundColor.png; sourceTree = "<group>"; };
		E40A8B9715D3F18D0004E841 /* SquareEditView.h */ = {isa = PBXFileReference; fileEncoding = 4; lastKnownFileType = sourcecode.c.h; name = SquareEditView.h; path = EditObjects/SquareEditView.h; sourceTree = "<group>"; };
		E40A8B9815D3F18D0004E841 /* SquareEditView.m */ = {isa = PBXFileReference; fileEncoding = 4; lastKnownFileType = sourcecode.c.objc; name = SquareEditView.m; path = EditObjects/SquareEditView.m; sourceTree = "<group>"; };
		E40A8BA015D3FC840004E841 /* ImageToDag.h */ = {isa = PBXFileReference; fileEncoding = 4; lastKnownFileType = sourcecode.c.h; path = ImageToDag.h; sourceTree = "<group>"; };
		E40A8BA115D3FC840004E841 /* ImageToDag.m */ = {isa = PBXFileReference; fileEncoding = 4; lastKnownFileType = sourcecode.c.objc; path = ImageToDag.m; sourceTree = "<group>"; };
		E40A8BA315D3FEF30004E841 /* StyleCropView.h */ = {isa = PBXFileReference; fileEncoding = 4; lastKnownFileType = sourcecode.c.h; name = StyleCropView.h; path = EditObjects/StyleCropView.h; sourceTree = "<group>"; };
		E40A8BA415D3FEF30004E841 /* StyleCropView.m */ = {isa = PBXFileReference; fileEncoding = 4; lastKnownFileType = sourcecode.c.objc; name = StyleCropView.m; path = EditObjects/StyleCropView.m; sourceTree = "<group>"; };
		E40A8BA615D3FF0B0004E841 /* StyleCropView.xib */ = {isa = PBXFileReference; fileEncoding = 4; lastKnownFileType = file.xib; path = StyleCropView.xib; sourceTree = "<group>"; };
		E40F7FC515CCCDEE00D354A7 /* DragDropImageView.h */ = {isa = PBXFileReference; fileEncoding = 4; lastKnownFileType = sourcecode.c.h; name = DragDropImageView.h; path = SproutView/DragDropImageView.h; sourceTree = "<group>"; };
		E40F7FC615CCCDEE00D354A7 /* DragDropImageView.m */ = {isa = PBXFileReference; fileEncoding = 4; lastKnownFileType = sourcecode.c.objc; name = DragDropImageView.m; path = SproutView/DragDropImageView.m; sourceTree = "<group>"; };
		E424F2FE15CCFC0B006B588F /* SproutScrollView.h */ = {isa = PBXFileReference; fileEncoding = 4; lastKnownFileType = sourcecode.c.h; name = SproutScrollView.h; path = SproutView/SproutScrollView.h; sourceTree = "<group>"; };
		E424F2FF15CCFC0B006B588F /* SproutScrollView.m */ = {isa = PBXFileReference; fileEncoding = 4; lastKnownFileType = sourcecode.c.objc; name = SproutScrollView.m; path = SproutView/SproutScrollView.m; sourceTree = "<group>"; };
		E43FAE7215CA0C4200CF628C /* SPROUT_Prj.app */ = {isa = PBXFileReference; explicitFileType = wrapper.application; includeInIndex = 0; path = SPROUT_Prj.app; sourceTree = BUILT_PRODUCTS_DIR; };
		E43FAE7615CA0C4200CF628C /* UIKit.framework */ = {isa = PBXFileReference; lastKnownFileType = wrapper.framework; name = UIKit.framework; path = System/Library/Frameworks/UIKit.framework; sourceTree = SDKROOT; };
		E43FAE7815CA0C4200CF628C /* Foundation.framework */ = {isa = PBXFileReference; lastKnownFileType = wrapper.framework; name = Foundation.framework; path = System/Library/Frameworks/Foundation.framework; sourceTree = SDKROOT; };
		E43FAE7A15CA0C4200CF628C /* CoreGraphics.framework */ = {isa = PBXFileReference; lastKnownFileType = wrapper.framework; name = CoreGraphics.framework; path = System/Library/Frameworks/CoreGraphics.framework; sourceTree = SDKROOT; };
		E43FAE7C15CA0C4200CF628C /* CoreData.framework */ = {isa = PBXFileReference; lastKnownFileType = wrapper.framework; name = CoreData.framework; path = System/Library/Frameworks/CoreData.framework; sourceTree = SDKROOT; };
		E43FAE8015CA0C4200CF628C /* SPROUT_Prj-Info.plist */ = {isa = PBXFileReference; lastKnownFileType = text.plist.xml; path = "SPROUT_Prj-Info.plist"; sourceTree = "<group>"; };
		E43FAE8215CA0C4200CF628C /* en */ = {isa = PBXFileReference; lastKnownFileType = text.plist.strings; name = en; path = en.lproj/InfoPlist.strings; sourceTree = "<group>"; };
		E43FAE8415CA0C4200CF628C /* main.m */ = {isa = PBXFileReference; lastKnownFileType = sourcecode.c.objc; path = main.m; sourceTree = "<group>"; };
		E43FAE8615CA0C4200CF628C /* SPROUT_Prj-Prefix.pch */ = {isa = PBXFileReference; lastKnownFileType = sourcecode.c.h; path = "SPROUT_Prj-Prefix.pch"; sourceTree = "<group>"; };
		E43FAE8715CA0C4200CF628C /* CNCAppDelegate.h */ = {isa = PBXFileReference; lastKnownFileType = sourcecode.c.h; path = CNCAppDelegate.h; sourceTree = "<group>"; };
		E43FAE8815CA0C4300CF628C /* CNCAppDelegate.m */ = {isa = PBXFileReference; lastKnownFileType = sourcecode.c.objc; path = CNCAppDelegate.m; sourceTree = "<group>"; };
		E43FAE8B15CA0C4300CF628C /* SPROUT_Prj.xcdatamodel */ = {isa = PBXFileReference; lastKnownFileType = wrapper.xcdatamodel; path = SPROUT_Prj.xcdatamodel; sourceTree = "<group>"; };
		E43FAE9215CA0C4300CF628C /* SPROUT_PrjTests.octest */ = {isa = PBXFileReference; explicitFileType = wrapper.cfbundle; includeInIndex = 0; path = SPROUT_PrjTests.octest; sourceTree = BUILT_PRODUCTS_DIR; };
		E43FAE9315CA0C4300CF628C /* SenTestingKit.framework */ = {isa = PBXFileReference; lastKnownFileType = wrapper.framework; name = SenTestingKit.framework; path = Library/Frameworks/SenTestingKit.framework; sourceTree = DEVELOPER_DIR; };
		E43FAE9C15CA0C4300CF628C /* SPROUT_PrjTests-Info.plist */ = {isa = PBXFileReference; lastKnownFileType = text.plist.xml; path = "SPROUT_PrjTests-Info.plist"; sourceTree = "<group>"; };
		E43FAE9E15CA0C4300CF628C /* en */ = {isa = PBXFileReference; lastKnownFileType = text.plist.strings; name = en; path = en.lproj/InfoPlist.strings; sourceTree = "<group>"; };
		E43FAEA015CA0C4300CF628C /* SPROUT_PrjTests.h */ = {isa = PBXFileReference; lastKnownFileType = sourcecode.c.h; path = SPROUT_PrjTests.h; sourceTree = "<group>"; };
		E43FAEA115CA0C4300CF628C /* SPROUT_PrjTests.m */ = {isa = PBXFileReference; lastKnownFileType = sourcecode.c.objc; path = SPROUT_PrjTests.m; sourceTree = "<group>"; };
		E43FAEAC15CA0C6D00CF628C /* TakePhotoViewController.h */ = {isa = PBXFileReference; fileEncoding = 4; lastKnownFileType = sourcecode.c.h; path = TakePhotoViewController.h; sourceTree = "<group>"; };
		E43FAEAD15CA0C6D00CF628C /* TakePhotoViewController.m */ = {isa = PBXFileReference; fileEncoding = 4; lastKnownFileType = sourcecode.c.objc; path = TakePhotoViewController.m; sourceTree = "<group>"; };
		E43FAEAE15CA0C6D00CF628C /* TakePhotoViewController.xib */ = {isa = PBXFileReference; fileEncoding = 4; lastKnownFileType = file.xib; path = TakePhotoViewController.xib; sourceTree = "<group>"; };
		E43FAEB315CA0F1900CF628C /* Splash.png */ = {isa = PBXFileReference; lastKnownFileType = image.png; path = Splash.png; sourceTree = "<group>"; };
		E43FAEB515CA0F5000CF628C /* Default.png */ = {isa = PBXFileReference; lastKnownFileType = image.png; path = Default.png; sourceTree = "<group>"; };
		E440676C15D35F7F00F7729D /* noPhoto.png */ = {isa = PBXFileReference; lastKnownFileType = image.png; path = noPhoto.png; sourceTree = "<group>"; };
		E459323515CF71D1009A5D1C /* Sprout.h */ = {isa = PBXFileReference; fileEncoding = 4; lastKnownFileType = sourcecode.c.h; name = Sprout.h; path = SproutView/Sprout.h; sourceTree = "<group>"; };
		E459323615CF71D1009A5D1C /* Sprout.m */ = {isa = PBXFileReference; fileEncoding = 4; lastKnownFileType = sourcecode.c.objc; name = Sprout.m; path = SproutView/Sprout.m; sourceTree = "<group>"; };
		E462064815D3C6BF00CDCA0F /* OpenGLES.framework */ = {isa = PBXFileReference; lastKnownFileType = wrapper.framework; name = OpenGLES.framework; path = System/Library/Frameworks/OpenGLES.framework; sourceTree = SDKROOT; };
		E47AA0A315CB7D4400544164 /* SendEmailViewController.h */ = {isa = PBXFileReference; fileEncoding = 4; lastKnownFileType = sourcecode.c.h; path = SendEmailViewController.h; sourceTree = "<group>"; };
		E47AA0A415CB7D4400544164 /* SendEmailViewController.m */ = {isa = PBXFileReference; fileEncoding = 4; lastKnownFileType = sourcecode.c.objc; path = SendEmailViewController.m; sourceTree = "<group>"; };
		E47AA0A515CB7D4400544164 /* SendEmailViewController.xib */ = {isa = PBXFileReference; fileEncoding = 4; lastKnownFileType = file.xib; path = SendEmailViewController.xib; sourceTree = "<group>"; };
		E47AA0A915CB7F4D00544164 /* PurcharseCanvasViewController.h */ = {isa = PBXFileReference; fileEncoding = 4; lastKnownFileType = sourcecode.c.h; path = PurcharseCanvasViewController.h; sourceTree = "<group>"; };
		E47AA0AA15CB7F4D00544164 /* PurcharseCanvasViewController.m */ = {isa = PBXFileReference; fileEncoding = 4; lastKnownFileType = sourcecode.c.objc; path = PurcharseCanvasViewController.m; sourceTree = "<group>"; };
		E47AA0AB15CB7F4D00544164 /* PurcharseCanvasViewController.xib */ = {isa = PBXFileReference; fileEncoding = 4; lastKnownFileType = file.xib; path = PurcharseCanvasViewController.xib; sourceTree = "<group>"; };
		E47AA0AF15CB812500544164 /* ConfirmPurchaseViewController.h */ = {isa = PBXFileReference; fileEncoding = 4; lastKnownFileType = sourcecode.c.h; path = ConfirmPurchaseViewController.h; sourceTree = "<group>"; };
		E47AA0B015CB812500544164 /* ConfirmPurchaseViewController.m */ = {isa = PBXFileReference; fileEncoding = 4; lastKnownFileType = sourcecode.c.objc; path = ConfirmPurchaseViewController.m; sourceTree = "<group>"; };
		E47AA0B115CB812500544164 /* ConfirmPurchaseViewController.xib */ = {isa = PBXFileReference; fileEncoding = 4; lastKnownFileType = file.xib; path = ConfirmPurchaseViewController.xib; sourceTree = "<group>"; };
		E47AA0B515CB881F00544164 /* ViewPhotoInSproutViewController.h */ = {isa = PBXFileReference; fileEncoding = 4; lastKnownFileType = sourcecode.c.h; path = ViewPhotoInSproutViewController.h; sourceTree = "<group>"; };
		E47AA0B615CB881F00544164 /* ViewPhotoInSproutViewController.m */ = {isa = PBXFileReference; fileEncoding = 4; lastKnownFileType = sourcecode.c.objc; path = ViewPhotoInSproutViewController.m; sourceTree = "<group>"; };
		E47AA0B715CB881F00544164 /* ViewPhotoInSproutViewController.xib */ = {isa = PBXFileReference; fileEncoding = 4; lastKnownFileType = file.xib; path = ViewPhotoInSproutViewController.xib; sourceTree = "<group>"; };
		E47AA0BB15CB915A00544164 /* EditImageViewController.h */ = {isa = PBXFileReference; fileEncoding = 4; lastKnownFileType = sourcecode.c.h; path = EditImageViewController.h; sourceTree = "<group>"; };
		E47AA0BC15CB915A00544164 /* EditImageViewController.m */ = {isa = PBXFileReference; fileEncoding = 4; lastKnownFileType = sourcecode.c.objc; path = EditImageViewController.m; sourceTree = "<group>"; };
		E47AA0BD15CB915A00544164 /* EditImageViewController.xib */ = {isa = PBXFileReference; fileEncoding = 4; lastKnownFileType = file.xib; path = EditImageViewController.xib; sourceTree = "<group>"; };
		E47AA0C615CBACC000544164 /* ReminderViewController.h */ = {isa = PBXFileReference; fileEncoding = 4; lastKnownFileType = sourcecode.c.h; path = ReminderViewController.h; sourceTree = "<group>"; };
		E47AA0C715CBACC000544164 /* ReminderViewController.m */ = {isa = PBXFileReference; fileEncoding = 4; lastKnownFileType = sourcecode.c.objc; path = ReminderViewController.m; sourceTree = "<group>"; };
		E47AA0C815CBACC000544164 /* ReminderViewController.xib */ = {isa = PBXFileReference; fileEncoding = 4; lastKnownFileType = file.xib; path = ReminderViewController.xib; sourceTree = "<group>"; };
		E47ABE6D15CD301100CCDCF0 /* QuartzCore.framework */ = {isa = PBXFileReference; lastKnownFileType = wrapper.framework; name = QuartzCore.framework; path = System/Library/Frameworks/QuartzCore.framework; sourceTree = SDKROOT; };
		E496C28215CA16190002DFEA /* SaveorDiscardPhotoViewController.h */ = {isa = PBXFileReference; fileEncoding = 4; lastKnownFileType = sourcecode.c.h; path = SaveorDiscardPhotoViewController.h; sourceTree = "<group>"; };
		E496C28315CA16190002DFEA /* SaveorDiscardPhotoViewController.m */ = {isa = PBXFileReference; fileEncoding = 4; lastKnownFileType = sourcecode.c.objc; path = SaveorDiscardPhotoViewController.m; sourceTree = "<group>"; };
		E496C28415CA16190002DFEA /* SaveorDiscardPhotoViewController.xib */ = {isa = PBXFileReference; fileEncoding = 4; lastKnownFileType = file.xib; path = SaveorDiscardPhotoViewController.xib; sourceTree = "<group>"; };
		E496C28715CA18E40002DFEA /* baby.png */ = {isa = PBXFileReference; lastKnownFileType = image.png; path = baby.png; sourceTree = "<group>"; };
		E496C28E15CA1A400002DFEA /* MainViewController.h */ = {isa = PBXFileReference; fileEncoding = 4; lastKnownFileType = sourcecode.c.h; path = MainViewController.h; sourceTree = "<group>"; };
		E496C28F15CA1A400002DFEA /* MainViewController.m */ = {isa = PBXFileReference; fileEncoding = 4; lastKnownFileType = sourcecode.c.objc; path = MainViewController.m; sourceTree = "<group>"; };
		E496C29015CA1A400002DFEA /* MainViewController.xib */ = {isa = PBXFileReference; fileEncoding = 4; lastKnownFileType = file.xib; path = MainViewController.xib; sourceTree = "<group>"; };
		E496C29315CA20F50002DFEA /* temCapture.png */ = {isa = PBXFileReference; lastKnownFileType = image.png; path = temCapture.png; sourceTree = "<group>"; };
		E496C29615CA21A40002DFEA /* ContinueAfterSaveViewController.h */ = {isa = PBXFileReference; fileEncoding = 4; lastKnownFileType = sourcecode.c.h; path = ContinueAfterSaveViewController.h; sourceTree = "<group>"; };
		E496C29715CA21A40002DFEA /* ContinueAfterSaveViewController.m */ = {isa = PBXFileReference; fileEncoding = 4; lastKnownFileType = sourcecode.c.objc; path = ContinueAfterSaveViewController.m; sourceTree = "<group>"; };
		E496C29815CA21A40002DFEA /* ContinueAfterSaveViewController.xib */ = {isa = PBXFileReference; fileEncoding = 4; lastKnownFileType = file.xib; path = ContinueAfterSaveViewController.xib; sourceTree = "<group>"; };
		E496C29C15CA25E90002DFEA /* HiddenNavigationController.h */ = {isa = PBXFileReference; fileEncoding = 4; lastKnownFileType = sourcecode.c.h; path = HiddenNavigationController.h; sourceTree = "<group>"; };
		E496C29D15CA25E90002DFEA /* HiddenNavigationController.m */ = {isa = PBXFileReference; fileEncoding = 4; lastKnownFileType = sourcecode.c.objc; path = HiddenNavigationController.m; sourceTree = "<group>"; };
		E496C2A015CA27FE0002DFEA /* UploadToSproutViewController.h */ = {isa = PBXFileReference; fileEncoding = 4; lastKnownFileType = sourcecode.c.h; path = UploadToSproutViewController.h; sourceTree = "<group>"; };
		E496C2A115CA27FE0002DFEA /* UploadToSproutViewController.m */ = {isa = PBXFileReference; fileEncoding = 4; lastKnownFileType = sourcecode.c.objc; path = UploadToSproutViewController.m; sourceTree = "<group>"; };
		E496C2A215CA27FE0002DFEA /* UploadToSproutViewController.xib */ = {isa = PBXFileReference; fileEncoding = 4; lastKnownFileType = file.xib; path = UploadToSproutViewController.xib; sourceTree = "<group>"; };
		E496C2AA15CA29390002DFEA /* CellSproutCustomView.h */ = {isa = PBXFileReference; fileEncoding = 4; lastKnownFileType = sourcecode.c.h; path = CellSproutCustomView.h; sourceTree = "<group>"; };
		E496C2AB15CA29390002DFEA /* CellSproutCustomView.m */ = {isa = PBXFileReference; fileEncoding = 4; lastKnownFileType = sourcecode.c.objc; path = CellSproutCustomView.m; sourceTree = "<group>"; };
		E496C2AD15CA29510002DFEA /* CellSproutCustomView.xib */ = {isa = PBXFileReference; fileEncoding = 4; lastKnownFileType = file.xib; path = CellSproutCustomView.xib; sourceTree = "<group>"; };
		E49F209615CE779300D2A932 /* Twitter.framework */ = {isa = PBXFileReference; lastKnownFileType = wrapper.framework; name = Twitter.framework; path = System/Library/Frameworks/Twitter.framework; sourceTree = SDKROOT; };
		E49F209915CE77B000D2A932 /* Accounts.framework */ = {isa = PBXFileReference; lastKnownFileType = wrapper.framework; name = Accounts.framework; path = System/Library/Frameworks/Accounts.framework; sourceTree = SDKROOT; };
		E49F209B15CE77BB00D2A932 /* AssetsLibrary.framework */ = {isa = PBXFileReference; lastKnownFileType = wrapper.framework; name = AssetsLibrary.framework; path = System/Library/Frameworks/AssetsLibrary.framework; sourceTree = SDKROOT; };
		E49F20A115CE7EB600D2A932 /* FacebookSDKResources.bundle */ = {isa = PBXFileReference; lastKnownFileType = "wrapper.plug-in"; name = FacebookSDKResources.bundle; path = ../../../Documents/FacebookSDK/FacebookSDK.framework/Versions/A/Resources/FacebookSDKResources.bundle; sourceTree = "<group>"; };
		E49F20A315CE7F7D00D2A932 /* FacebookSDK.framework */ = {isa = PBXFileReference; lastKnownFileType = wrapper.framework; path = FacebookSDK.framework; sourceTree = "<group>"; };
		E49F20A515CE842D00D2A932 /* checked.png */ = {isa = PBXFileReference; lastKnownFileType = image.png; path = checked.png; sourceTree = "<group>"; };
		E4A92C4A15D2795D001675FB /* backgroundColor copy.png */ = {isa = PBXFileReference; lastKnownFileType = image.png; path = "backgroundColor copy.png"; sourceTree = "<group>"; };
		E4A92C4C15D27DB8001675FB /* Untitled-1bg001.png */ = {isa = PBXFileReference; lastKnownFileType = image.png; path = "Untitled-1bg001.png"; sourceTree = "<group>"; };
		E4A92C4D15D27DB8001675FB /* Untitled-1bg002.png */ = {isa = PBXFileReference; lastKnownFileType = image.png; path = "Untitled-1bg002.png"; sourceTree = "<group>"; };
		E4B82B9D15CA3C6400B14E6A /* DragToSproutViewController.h */ = {isa = PBXFileReference; fileEncoding = 4; lastKnownFileType = sourcecode.c.h; path = DragToSproutViewController.h; sourceTree = "<group>"; };
		E4B82B9E15CA3C6400B14E6A /* DragToSproutViewController.m */ = {isa = PBXFileReference; fileEncoding = 4; lastKnownFileType = sourcecode.c.objc; path = DragToSproutViewController.m; sourceTree = "<group>"; };
		E4B82B9F15CA3C6400B14E6A /* DragToSproutViewController.xib */ = {isa = PBXFileReference; fileEncoding = 4; lastKnownFileType = file.xib; path = DragToSproutViewController.xib; sourceTree = "<group>"; };
		E4B82BA315CA407300B14E6A /* SelectGridSizeViewController.h */ = {isa = PBXFileReference; fileEncoding = 4; lastKnownFileType = sourcecode.c.h; path = SelectGridSizeViewController.h; sourceTree = "<group>"; };
		E4B82BA415CA407300B14E6A /* SelectGridSizeViewController.m */ = {isa = PBXFileReference; fileEncoding = 4; lastKnownFileType = sourcecode.c.objc; path = SelectGridSizeViewController.m; sourceTree = "<group>"; };
		E4B82BA515CA407300B14E6A /* SelectGridSizeViewController.xib */ = {isa = PBXFileReference; fileEncoding = 4; lastKnownFileType = file.xib; path = SelectGridSizeViewController.xib; sourceTree = "<group>"; };
		E4BCEF7B15CE90AD006E7A0D /* MobileCoreServices.framework */ = {isa = PBXFileReference; lastKnownFileType = wrapper.framework; name = MobileCoreServices.framework; path = System/Library/Frameworks/MobileCoreServices.framework; sourceTree = SDKROOT; };
		E4C9D5F715D4CBCB00A69C5C /* FiltersView.h */ = {isa = PBXFileReference; fileEncoding = 4; lastKnownFileType = sourcecode.c.h; name = FiltersView.h; path = EditObjects/FiltersView.h; sourceTree = "<group>"; };
		E4C9D5F815D4CBCB00A69C5C /* FiltersView.m */ = {isa = PBXFileReference; fileEncoding = 4; lastKnownFileType = sourcecode.c.objc; name = FiltersView.m; path = EditObjects/FiltersView.m; sourceTree = "<group>"; };
		E4C9D5FB15D4CBDD00A69C5C /* FiltersView.xib */ = {isa = PBXFileReference; fileEncoding = 4; lastKnownFileType = file.xib; path = FiltersView.xib; sourceTree = "<group>"; };
		E4D9D96815CBBA27007B94C5 /* face.png */ = {isa = PBXFileReference; lastKnownFileType = image.png; path = face.png; sourceTree = "<group>"; };
		E4D9D96915CBBA27007B94C5 /* up.png */ = {isa = PBXFileReference; lastKnownFileType = image.png; path = up.png; sourceTree = "<group>"; };
		E4D9D96A15CBBA27007B94C5 /* edit.png */ = {isa = PBXFileReference; lastKnownFileType = image.png; path = edit.png; sourceTree = "<group>"; };
		E4D9D96B15CBBA27007B94C5 /* twi.png */ = {isa = PBXFileReference; lastKnownFileType = image.png; path = twi.png; sourceTree = "<group>"; };
		E4D9D97115CBBAAA007B94C5 /* clock.png */ = {isa = PBXFileReference; lastKnownFileType = image.png; path = clock.png; sourceTree = "<group>"; };
		E4D9D97215CBBAAA007B94C5 /* viewS.png */ = {isa = PBXFileReference; lastKnownFileType = image.png; path = viewS.png; sourceTree = "<group>"; };
		E4D9D97315CBBAAA007B94C5 /* newS.png */ = {isa = PBXFileReference; lastKnownFileType = image.png; path = newS.png; sourceTree = "<group>"; };
		E4D9D97415CBBAAA007B94C5 /* CapI.png */ = {isa = PBXFileReference; lastKnownFileType = image.png; path = CapI.png; sourceTree = "<group>"; };
		E4D9D97515CBBAAA007B94C5 /* LogoS.png */ = {isa = PBXFileReference; lastKnownFileType = image.png; path = LogoS.png; sourceTree = "<group>"; };
		E4D9D97615CBBAAA007B94C5 /* LoadI.png */ = {isa = PBXFileReference; lastKnownFileType = image.png; path = LoadI.png; sourceTree = "<group>"; };
		E4D9D97715CBBAAA007B94C5 /* Cap.png */ = {isa = PBXFileReference; lastKnownFileType = image.png; path = Cap.png; sourceTree = "<group>"; };
		E4D9D97F15CBBD45007B94C5 /* Homebut.png */ = {isa = PBXFileReference; lastKnownFileType = image.png; path = Homebut.png; sourceTree = "<group>"; };
		E4D9D98015CBBD46007B94C5 /* pur.png */ = {isa = PBXFileReference; lastKnownFileType = image.png; path = pur.png; sourceTree = "<group>"; };
		E4D9D98115CBBD46007B94C5 /* linkin.png */ = {isa = PBXFileReference; lastKnownFileType = image.png; path = linkin.png; sourceTree = "<group>"; };
		E4D9D98515CBBE9D007B94C5 /* rot.png */ = {isa = PBXFileReference; lastKnownFileType = image.png; path = rot.png; sourceTree = "<group>"; };
		E4D9D98615CBBE9E007B94C5 /* eff.png */ = {isa = PBXFileReference; lastKnownFileType = image.png; path = eff.png; sourceTree = "<group>"; };
		E4D9D98715CBBE9F007B94C5 /* crop.png */ = {isa = PBXFileReference; lastKnownFileType = image.png; path = crop.png; sourceTree = "<group>"; };
		E4D9D98815CBBE9F007B94C5 /* cor.png */ = {isa = PBXFileReference; lastKnownFileType = image.png; path = cor.png; sourceTree = "<group>"; };
		E4D9D98915CBBEA0007B94C5 /* exp.png */ = {isa = PBXFileReference; lastKnownFileType = image.png; path = exp.png; sourceTree = "<group>"; };
		E4D9D98A15CBBEA1007B94C5 /* sav.png */ = {isa = PBXFileReference; lastKnownFileType = image.png; path = sav.png; sourceTree = "<group>"; };
		E4D9D99115CBBF88007B94C5 /* saveBut.png */ = {isa = PBXFileReference; lastKnownFileType = image.png; path = saveBut.png; sourceTree = "<group>"; };
		E4D9D99215CBBF89007B94C5 /* discardBut.png */ = {isa = PBXFileReference; lastKnownFileType = image.png; path = discardBut.png; sourceTree = "<group>"; };
		E4E5809215D3AEAC00EA9D54 /* StyleColorView.h */ = {isa = PBXFileReference; fileEncoding = 4; lastKnownFileType = sourcecode.c.h; name = StyleColorView.h; path = EditObjects/StyleColorView.h; sourceTree = "<group>"; };
		E4E5809315D3AEAC00EA9D54 /* StyleColorView.m */ = {isa = PBXFileReference; fileEncoding = 4; lastKnownFileType = sourcecode.c.objc; name = StyleColorView.m; path = EditObjects/StyleColorView.m; sourceTree = "<group>"; };
		E4E5809515D3AEBD00EA9D54 /* StyleColorView.xib */ = {isa = PBXFileReference; fileEncoding = 4; lastKnownFileType = file.xib; path = StyleColorView.xib; sourceTree = "<group>"; };
		E4E5809715D3B27200EA9D54 /* slider1.png */ = {isa = PBXFileReference; lastKnownFileType = image.png; path = slider1.png; sourceTree = "<group>"; };
		E4E5809815D3B27200EA9D54 /* slider2.png */ = {isa = PBXFileReference; lastKnownFileType = image.png; path = slider2.png; sourceTree = "<group>"; };
		E4E5809915D3B27200EA9D54 /* slider3.png */ = {isa = PBXFileReference; lastKnownFileType = image.png; path = slider3.png; sourceTree = "<group>"; };
		E4E5809A15D3B27200EA9D54 /* slider.png */ = {isa = PBXFileReference; lastKnownFileType = image.png; path = slider.png; sourceTree = "<group>"; };
		E4E5809B15D3B27200EA9D54 /* whiteslide.png */ = {isa = PBXFileReference; lastKnownFileType = image.png; path = whiteslide.png; sourceTree = "<group>"; };
		E4F1B55C15D0AD3C00558FFC /* OverlayView.h */ = {isa = PBXFileReference; fileEncoding = 4; lastKnownFileType = sourcecode.c.h; name = OverlayView.h; path = Objects/OverlayView.h; sourceTree = "<group>"; };
		E4F1B55D15D0AD3C00558FFC /* OverlayView.m */ = {isa = PBXFileReference; fileEncoding = 4; lastKnownFileType = sourcecode.c.objc; name = OverlayView.m; path = Objects/OverlayView.m; sourceTree = "<group>"; };
		E4F1B55F15D0AE7900558FFC /* overlaygraphic.png */ = {isa = PBXFileReference; lastKnownFileType = image.png; path = overlaygraphic.png; sourceTree = "<group>"; };
		E4F6441015CA59C300E068AD /* CreateSproutViewController.h */ = {isa = PBXFileReference; fileEncoding = 4; lastKnownFileType = sourcecode.c.h; path = CreateSproutViewController.h; sourceTree = "<group>"; };
		E4F6441115CA59C300E068AD /* CreateSproutViewController.m */ = {isa = PBXFileReference; fileEncoding = 4; lastKnownFileType = sourcecode.c.objc; path = CreateSproutViewController.m; sourceTree = "<group>"; };
		E4F6441215CA59C300E068AD /* CreateSproutViewController.xib */ = {isa = PBXFileReference; fileEncoding = 4; lastKnownFileType = file.xib; path = CreateSproutViewController.xib; sourceTree = "<group>"; };
		E4F6442A15CA726D00E068AD /* SaveSproutViewController.h */ = {isa = PBXFileReference; fileEncoding = 4; lastKnownFileType = sourcecode.c.h; path = SaveSproutViewController.h; sourceTree = "<group>"; };
		E4F6442B15CA726D00E068AD /* SaveSproutViewController.m */ = {isa = PBXFileReference; fileEncoding = 4; lastKnownFileType = sourcecode.c.objc; path = SaveSproutViewController.m; sourceTree = "<group>"; };
		E4F6442C15CA726D00E068AD /* SaveSproutViewController.xib */ = {isa = PBXFileReference; fileEncoding = 4; lastKnownFileType = file.xib; path = SaveSproutViewController.xib; sourceTree = "<group>"; };
		E4F6443015CA7BCC00E068AD /* ViewSproutViewController.h */ = {isa = PBXFileReference; fileEncoding = 4; lastKnownFileType = sourcecode.c.h; path = ViewSproutViewController.h; sourceTree = "<group>"; };
		E4F6443115CA7BCC00E068AD /* ViewSproutViewController.m */ = {isa = PBXFileReference; fileEncoding = 4; lastKnownFileType = sourcecode.c.objc; path = ViewSproutViewController.m; sourceTree = "<group>"; };
		E4F6443215CA7BCC00E068AD /* ViewSproutViewController.xib */ = {isa = PBXFileReference; fileEncoding = 4; lastKnownFileType = file.xib; path = ViewSproutViewController.xib; sourceTree = "<group>"; };
		E4F6443A15CA8F7500E068AD /* ExportSproutViewController.h */ = {isa = PBXFileReference; fileEncoding = 4; lastKnownFileType = sourcecode.c.h; path = ExportSproutViewController.h; sourceTree = "<group>"; };
		E4F6443B15CA8F7500E068AD /* ExportSproutViewController.m */ = {isa = PBXFileReference; fileEncoding = 4; lastKnownFileType = sourcecode.c.objc; path = ExportSproutViewController.m; sourceTree = "<group>"; };
		E4F6443C15CA8F7500E068AD /* ExportSproutViewController.xib */ = {isa = PBXFileReference; fileEncoding = 4; lastKnownFileType = file.xib; path = ExportSproutViewController.xib; sourceTree = "<group>"; };
		E4F689D215D0F57600837FBD /* icon.png */ = {isa = PBXFileReference; lastKnownFileType = image.png; path = icon.png; sourceTree = "<group>"; };
/* End PBXFileReference section */

/* Begin PBXFrameworksBuildPhase section */
		E43FAE6F15CA0C4200CF628C /* Frameworks */ = {
			isa = PBXFrameworksBuildPhase;
			buildActionMask = 2147483647;
			files = (
				E462064915D3C6BF00CDCA0F /* OpenGLES.framework in Frameworks */,
				E4BCEF7C15CE90AD006E7A0D /* MobileCoreServices.framework in Frameworks */,
				E49F209C15CE77BB00D2A932 /* AssetsLibrary.framework in Frameworks */,
				E49F209715CE779300D2A932 /* Twitter.framework in Frameworks */,
				E47ABE6E15CD301100CCDCF0 /* QuartzCore.framework in Frameworks */,
				E43FAE7715CA0C4200CF628C /* UIKit.framework in Frameworks */,
				E43FAE7915CA0C4200CF628C /* Foundation.framework in Frameworks */,
				E43FAE7B15CA0C4200CF628C /* CoreGraphics.framework in Frameworks */,
				E43FAE7D15CA0C4200CF628C /* CoreData.framework in Frameworks */,
				E49F20A415CE7F7D00D2A932 /* FacebookSDK.framework in Frameworks */,
			);
			runOnlyForDeploymentPostprocessing = 0;
		};
		E43FAE8E15CA0C4300CF628C /* Frameworks */ = {
			isa = PBXFrameworksBuildPhase;
			buildActionMask = 2147483647;
			files = (
				E43FAE9415CA0C4300CF628C /* SenTestingKit.framework in Frameworks */,
				E43FAE9515CA0C4300CF628C /* UIKit.framework in Frameworks */,
				E43FAE9615CA0C4300CF628C /* Foundation.framework in Frameworks */,
				E43FAE9715CA0C4300CF628C /* CoreData.framework in Frameworks */,
			);
			runOnlyForDeploymentPostprocessing = 0;
		};
/* End PBXFrameworksBuildPhase section */

/* Begin PBXGroup section */
		E40A8B9B15D3F3020004E841 /* Camrera */ = {
			isa = PBXGroup;
			children = (
				E4F1B55C15D0AD3C00558FFC /* OverlayView.h */,
				E4F1B55D15D0AD3C00558FFC /* OverlayView.m */,
				E4047AAA15D1413F00C20F23 /* OverlayView.xib */,
			);
			name = Camrera;
			sourceTree = "<group>";
		};
		E40F7FC215CCCD7300D354A7 /* Objects */ = {
			isa = PBXGroup;
			children = (
				E40A8B9B15D3F3020004E841 /* Camrera */,
				E4E5809015D3AE8600EA9D54 /* EditObjects */,
				E40F7FC415CCCD8000D354A7 /* SproutObjects */,
			);
			name = Objects;
			sourceTree = "<group>";
		};
		E40F7FC415CCCD8000D354A7 /* SproutObjects */ = {
			isa = PBXGroup;
			children = (
				E40F7FC515CCCDEE00D354A7 /* DragDropImageView.h */,
				E40F7FC615CCCDEE00D354A7 /* DragDropImageView.m */,
				E424F2FE15CCFC0B006B588F /* SproutScrollView.h */,
				E424F2FF15CCFC0B006B588F /* SproutScrollView.m */,
				E459323515CF71D1009A5D1C /* Sprout.h */,
				E459323615CF71D1009A5D1C /* Sprout.m */,
			);
			name = SproutObjects;
			sourceTree = "<group>";
		};
		E43FAE6715CA0C4200CF628C = {
			isa = PBXGroup;
			children = (
				E40F7FC215CCCD7300D354A7 /* Objects */,
				E47AA0C415CBACA800544164 /* Reminder */,
				E47AA0BA15CB914100544164 /* EditImage */,
				E47AA0B415CB880600544164 /* ViewPhotoInSprout */,
				E47AA0AE15CB80DF00544164 /* ConfirmPurchase */,
				E47AA0A815CB7F2E00544164 /* Purcharse */,
				E47AA0A215CB7D2C00544164 /* Email */,
				E4F6443915CA8F5A00E068AD /* Export */,
				E4F6442F15CA7BA700E068AD /* ViewSprout */,
				E4F6442915CA724900E068AD /* SaveSprout */,
				E4F6440E15CA599900E068AD /* CreateSprout */,
				E4B82BA215CA404F00B14E6A /* SelectGridSize */,
				E4B82B9B15CA3C3800B14E6A /* DragToSprout */,
				E496C29F15CA27BB0002DFEA /* UploadToSprout */,
				E496C29B15CA25C60002DFEA /* Classes */,
				E496C29515CA21510002DFEA /* SaveAndContinue */,
				E496C28D15CA1A1F0002DFEA /* Main */,
				E496C28015CA143A0002DFEA /* SaveorDiscardPhoto */,
				E43FAEAB15CA0C4C00CF628C /* TakePhoto */,
				E43FAE7E15CA0C4200CF628C /* SPROUT_Prj */,
				E43FAE9A15CA0C4300CF628C /* SPROUT_PrjTests */,
				E43FAE7515CA0C4200CF628C /* Frameworks */,
				E43FAE7315CA0C4200CF628C /* Products */,
			);
			sourceTree = "<group>";
		};
		E43FAE7315CA0C4200CF628C /* Products */ = {
			isa = PBXGroup;
			children = (
				E43FAE7215CA0C4200CF628C /* SPROUT_Prj.app */,
				E43FAE9215CA0C4300CF628C /* SPROUT_PrjTests.octest */,
			);
			name = Products;
			sourceTree = "<group>";
		};
		E43FAE7515CA0C4200CF628C /* Frameworks */ = {
			isa = PBXGroup;
			children = (
				E462064815D3C6BF00CDCA0F /* OpenGLES.framework */,
				E4BCEF7B15CE90AD006E7A0D /* MobileCoreServices.framework */,
				E49F20A315CE7F7D00D2A932 /* FacebookSDK.framework */,
				E49F20A115CE7EB600D2A932 /* FacebookSDKResources.bundle */,
				E49F209B15CE77BB00D2A932 /* AssetsLibrary.framework */,
				E49F209915CE77B000D2A932 /* Accounts.framework */,
				E49F209615CE779300D2A932 /* Twitter.framework */,
				E47ABE6D15CD301100CCDCF0 /* QuartzCore.framework */,
				E43FAE7615CA0C4200CF628C /* UIKit.framework */,
				E43FAE7815CA0C4200CF628C /* Foundation.framework */,
				E43FAE7A15CA0C4200CF628C /* CoreGraphics.framework */,
				E43FAE7C15CA0C4200CF628C /* CoreData.framework */,
				E43FAE9315CA0C4300CF628C /* SenTestingKit.framework */,
			);
			name = Frameworks;
			sourceTree = "<group>";
		};
		E43FAE7E15CA0C4200CF628C /* SPROUT_Prj */ = {
			isa = PBXGroup;
			children = (
				E43FAEB115CA0F0300CF628C /* Resources */,
				E43FAE8715CA0C4200CF628C /* CNCAppDelegate.h */,
				E43FAE8815CA0C4300CF628C /* CNCAppDelegate.m */,
				E43FAE8A15CA0C4300CF628C /* SPROUT_Prj.xcdatamodeld */,
				E43FAE7F15CA0C4200CF628C /* Supporting Files */,
			);
			path = SPROUT_Prj;
			sourceTree = "<group>";
		};
		E43FAE7F15CA0C4200CF628C /* Supporting Files */ = {
			isa = PBXGroup;
			children = (
				E43FAE8015CA0C4200CF628C /* SPROUT_Prj-Info.plist */,
				E43FAE8115CA0C4200CF628C /* InfoPlist.strings */,
				E43FAE8415CA0C4200CF628C /* main.m */,
				E43FAE8615CA0C4200CF628C /* SPROUT_Prj-Prefix.pch */,
			);
			name = "Supporting Files";
			sourceTree = "<group>";
		};
		E43FAE9A15CA0C4300CF628C /* SPROUT_PrjTests */ = {
			isa = PBXGroup;
			children = (
				E43FAEA015CA0C4300CF628C /* SPROUT_PrjTests.h */,
				E43FAEA115CA0C4300CF628C /* SPROUT_PrjTests.m */,
				E43FAE9B15CA0C4300CF628C /* Supporting Files */,
			);
			path = SPROUT_PrjTests;
			sourceTree = "<group>";
		};
		E43FAE9B15CA0C4300CF628C /* Supporting Files */ = {
			isa = PBXGroup;
			children = (
				E43FAE9C15CA0C4300CF628C /* SPROUT_PrjTests-Info.plist */,
				E43FAE9D15CA0C4300CF628C /* InfoPlist.strings */,
			);
			name = "Supporting Files";
			sourceTree = "<group>";
		};
		E43FAEAB15CA0C4C00CF628C /* TakePhoto */ = {
			isa = PBXGroup;
			children = (
				E43FAEAC15CA0C6D00CF628C /* TakePhotoViewController.h */,
				E43FAEAD15CA0C6D00CF628C /* TakePhotoViewController.m */,
				E43FAEAE15CA0C6D00CF628C /* TakePhotoViewController.xib */,
			);
			name = TakePhoto;
			sourceTree = "<group>";
		};
		E43FAEB115CA0F0300CF628C /* Resources */ = {
			isa = PBXGroup;
			children = (
				E43FAEB215CA0F0E00CF628C /* Images */,
			);
			name = Resources;
			path = ..;
			sourceTree = "<group>";
		};
		E43FAEB215CA0F0E00CF628C /* Images */ = {
			isa = PBXGroup;
			children = (
				E4E5809715D3B27200EA9D54 /* slider1.png */,
				E4E5809815D3B27200EA9D54 /* slider2.png */,
				E4E5809915D3B27200EA9D54 /* slider3.png */,
				E4E5809A15D3B27200EA9D54 /* slider.png */,
				E4E5809B15D3B27200EA9D54 /* whiteslide.png */,
				E440676C15D35F7F00F7729D /* noPhoto.png */,
				E4A92C4C15D27DB8001675FB /* Untitled-1bg001.png */,
				E4A92C4D15D27DB8001675FB /* Untitled-1bg002.png */,
				E4047AAD15D1425600C20F23 /* backgroundColor.png */,
				E4A92C4A15D2795D001675FB /* backgroundColor copy.png */,
				E4F689D215D0F57600837FBD /* icon.png */,
				E4F1B55F15D0AE7900558FFC /* overlaygraphic.png */,
				E4D9D99115CBBF88007B94C5 /* saveBut.png */,
				E4D9D99215CBBF89007B94C5 /* discardBut.png */,
				E4D9D98515CBBE9D007B94C5 /* rot.png */,
				E4D9D98615CBBE9E007B94C5 /* eff.png */,
				E4D9D98715CBBE9F007B94C5 /* crop.png */,
				E4D9D98815CBBE9F007B94C5 /* cor.png */,
				E49F20A515CE842D00D2A932 /* checked.png */,
				E4D9D98915CBBEA0007B94C5 /* exp.png */,
				E4D9D98A15CBBEA1007B94C5 /* sav.png */,
				E4D9D97F15CBBD45007B94C5 /* Homebut.png */,
				E4D9D98015CBBD46007B94C5 /* pur.png */,
				E4D9D98115CBBD46007B94C5 /* linkin.png */,
				E4D9D97115CBBAAA007B94C5 /* clock.png */,
				E4D9D97215CBBAAA007B94C5 /* viewS.png */,
				E4D9D97315CBBAAA007B94C5 /* newS.png */,
				E4D9D97415CBBAAA007B94C5 /* CapI.png */,
				E4D9D97515CBBAAA007B94C5 /* LogoS.png */,
				E4D9D97615CBBAAA007B94C5 /* LoadI.png */,
				E4D9D97715CBBAAA007B94C5 /* Cap.png */,
				E4D9D96815CBBA27007B94C5 /* face.png */,
				E4D9D96915CBBA27007B94C5 /* up.png */,
				E4D9D96A15CBBA27007B94C5 /* edit.png */,
				E4D9D96B15CBBA27007B94C5 /* twi.png */,
				E496C29315CA20F50002DFEA /* temCapture.png */,
				E496C28715CA18E40002DFEA /* baby.png */,
				E43FAEB515CA0F5000CF628C /* Default.png */,
				E43FAEB315CA0F1900CF628C /* Splash.png */,
			);
			name = Images;
			sourceTree = "<group>";
		};
		E47AA0A215CB7D2C00544164 /* Email */ = {
			isa = PBXGroup;
			children = (
				E47AA0A315CB7D4400544164 /* SendEmailViewController.h */,
				E47AA0A415CB7D4400544164 /* SendEmailViewController.m */,
				E47AA0A515CB7D4400544164 /* SendEmailViewController.xib */,
			);
			name = Email;
			sourceTree = "<group>";
		};
		E47AA0A815CB7F2E00544164 /* Purcharse */ = {
			isa = PBXGroup;
			children = (
				E47AA0A915CB7F4D00544164 /* PurcharseCanvasViewController.h */,
				E47AA0AA15CB7F4D00544164 /* PurcharseCanvasViewController.m */,
				E47AA0AB15CB7F4D00544164 /* PurcharseCanvasViewController.xib */,
			);
			name = Purcharse;
			sourceTree = "<group>";
		};
		E47AA0AE15CB80DF00544164 /* ConfirmPurchase */ = {
			isa = PBXGroup;
			children = (
				E47AA0AF15CB812500544164 /* ConfirmPurchaseViewController.h */,
				E47AA0B015CB812500544164 /* ConfirmPurchaseViewController.m */,
				E47AA0B115CB812500544164 /* ConfirmPurchaseViewController.xib */,
			);
			name = ConfirmPurchase;
			sourceTree = "<group>";
		};
		E47AA0B415CB880600544164 /* ViewPhotoInSprout */ = {
			isa = PBXGroup;
			children = (
				E47AA0B515CB881F00544164 /* ViewPhotoInSproutViewController.h */,
				E47AA0B615CB881F00544164 /* ViewPhotoInSproutViewController.m */,
				E47AA0B715CB881F00544164 /* ViewPhotoInSproutViewController.xib */,
			);
			name = ViewPhotoInSprout;
			sourceTree = "<group>";
		};
		E47AA0BA15CB914100544164 /* EditImage */ = {
			isa = PBXGroup;
			children = (
				E47AA0BB15CB915A00544164 /* EditImageViewController.h */,
				E47AA0BC15CB915A00544164 /* EditImageViewController.m */,
				E47AA0BD15CB915A00544164 /* EditImageViewController.xib */,
			);
			name = EditImage;
			sourceTree = "<group>";
		};
		E47AA0C415CBACA800544164 /* Reminder */ = {
			isa = PBXGroup;
			children = (
				E47AA0C615CBACC000544164 /* ReminderViewController.h */,
				E47AA0C715CBACC000544164 /* ReminderViewController.m */,
				E47AA0C815CBACC000544164 /* ReminderViewController.xib */,
			);
			name = Reminder;
			sourceTree = "<group>";
		};
		E496C28015CA143A0002DFEA /* SaveorDiscardPhoto */ = {
			isa = PBXGroup;
			children = (
				E496C28215CA16190002DFEA /* SaveorDiscardPhotoViewController.h */,
				E496C28315CA16190002DFEA /* SaveorDiscardPhotoViewController.m */,
				E496C28415CA16190002DFEA /* SaveorDiscardPhotoViewController.xib */,
			);
			name = SaveorDiscardPhoto;
			sourceTree = "<group>";
		};
		E496C28D15CA1A1F0002DFEA /* Main */ = {
			isa = PBXGroup;
			children = (
				E496C28E15CA1A400002DFEA /* MainViewController.h */,
				E496C28F15CA1A400002DFEA /* MainViewController.m */,
				E496C29015CA1A400002DFEA /* MainViewController.xib */,
			);
			name = Main;
			sourceTree = "<group>";
		};
		E496C29515CA21510002DFEA /* SaveAndContinue */ = {
			isa = PBXGroup;
			children = (
				E496C29615CA21A40002DFEA /* ContinueAfterSaveViewController.h */,
				E496C29715CA21A40002DFEA /* ContinueAfterSaveViewController.m */,
				E496C29815CA21A40002DFEA /* ContinueAfterSaveViewController.xib */,
			);
			name = SaveAndContinue;
			sourceTree = "<group>";
		};
		E496C29B15CA25C60002DFEA /* Classes */ = {
			isa = PBXGroup;
			children = (
				E496C29C15CA25E90002DFEA /* HiddenNavigationController.h */,
				E496C29D15CA25E90002DFEA /* HiddenNavigationController.m */,
				E496C2AA15CA29390002DFEA /* CellSproutCustomView.h */,
				E496C2AB15CA29390002DFEA /* CellSproutCustomView.m */,
				E496C2AD15CA29510002DFEA /* CellSproutCustomView.xib */,
			);
			name = Classes;
			sourceTree = "<group>";
		};
		E496C29F15CA27BB0002DFEA /* UploadToSprout */ = {
			isa = PBXGroup;
			children = (
				E496C2A015CA27FE0002DFEA /* UploadToSproutViewController.h */,
				E496C2A115CA27FE0002DFEA /* UploadToSproutViewController.m */,
				E496C2A215CA27FE0002DFEA /* UploadToSproutViewController.xib */,
			);
			name = UploadToSprout;
			sourceTree = "<group>";
		};
		E4B82B9B15CA3C3800B14E6A /* DragToSprout */ = {
			isa = PBXGroup;
			children = (
				E4B82B9D15CA3C6400B14E6A /* DragToSproutViewController.h */,
				E4B82B9E15CA3C6400B14E6A /* DragToSproutViewController.m */,
				E4B82B9F15CA3C6400B14E6A /* DragToSproutViewController.xib */,
			);
			name = DragToSprout;
			sourceTree = "<group>";
		};
		E4B82BA215CA404F00B14E6A /* SelectGridSize */ = {
			isa = PBXGroup;
			children = (
				E4B82BA315CA407300B14E6A /* SelectGridSizeViewController.h */,
				E4B82BA415CA407300B14E6A /* SelectGridSizeViewController.m */,
				E4B82BA515CA407300B14E6A /* SelectGridSizeViewController.xib */,
			);
			name = SelectGridSize;
			sourceTree = "<group>";
		};
		E4E5809015D3AE8600EA9D54 /* EditObjects */ = {
			isa = PBXGroup;
			children = (
				E40A8BA015D3FC840004E841 /* ImageToDag.h */,
				E40A8BA115D3FC840004E841 /* ImageToDag.m */,
				E40A8B9715D3F18D0004E841 /* SquareEditView.h */,
				E40A8B9815D3F18D0004E841 /* SquareEditView.m */,
				E4E5809215D3AEAC00EA9D54 /* StyleColorView.h */,
				E4E5809315D3AEAC00EA9D54 /* StyleColorView.m */,
				E4E5809515D3AEBD00EA9D54 /* StyleColorView.xib */,
				E40A8BA315D3FEF30004E841 /* StyleCropView.h */,
				E40A8BA415D3FEF30004E841 /* StyleCropView.m */,
				E40A8BA615D3FF0B0004E841 /* StyleCropView.xib */,
				E4C9D5F715D4CBCB00A69C5C /* FiltersView.h */,
				E4C9D5F815D4CBCB00A69C5C /* FiltersView.m */,
				E4C9D5FB15D4CBDD00A69C5C /* FiltersView.xib */,
			);
			name = EditObjects;
			sourceTree = "<group>";
		};
		E4F6440E15CA599900E068AD /* CreateSprout */ = {
			isa = PBXGroup;
			children = (
				E4F6441015CA59C300E068AD /* CreateSproutViewController.h */,
				E4F6441115CA59C300E068AD /* CreateSproutViewController.m */,
				E4F6441215CA59C300E068AD /* CreateSproutViewController.xib */,
			);
			name = CreateSprout;
			sourceTree = "<group>";
		};
		E4F6442915CA724900E068AD /* SaveSprout */ = {
			isa = PBXGroup;
			children = (
				E4F6442A15CA726D00E068AD /* SaveSproutViewController.h */,
				E4F6442B15CA726D00E068AD /* SaveSproutViewController.m */,
				E4F6442C15CA726D00E068AD /* SaveSproutViewController.xib */,
			);
			name = SaveSprout;
			sourceTree = "<group>";
		};
		E4F6442F15CA7BA700E068AD /* ViewSprout */ = {
			isa = PBXGroup;
			children = (
				E4F6443015CA7BCC00E068AD /* ViewSproutViewController.h */,
				E4F6443115CA7BCC00E068AD /* ViewSproutViewController.m */,
				E4F6443215CA7BCC00E068AD /* ViewSproutViewController.xib */,
			);
			name = ViewSprout;
			sourceTree = "<group>";
		};
		E4F6443915CA8F5A00E068AD /* Export */ = {
			isa = PBXGroup;
			children = (
				E4F6443A15CA8F7500E068AD /* ExportSproutViewController.h */,
				E4F6443B15CA8F7500E068AD /* ExportSproutViewController.m */,
				E4F6443C15CA8F7500E068AD /* ExportSproutViewController.xib */,
			);
			name = Export;
			sourceTree = "<group>";
		};
/* End PBXGroup section */

/* Begin PBXNativeTarget section */
		E43FAE7115CA0C4200CF628C /* SPROUT_Prj */ = {
			isa = PBXNativeTarget;
			buildConfigurationList = E43FAEA515CA0C4300CF628C /* Build configuration list for PBXNativeTarget "SPROUT_Prj" */;
			buildPhases = (
				E43FAE6E15CA0C4200CF628C /* Sources */,
				E43FAE6F15CA0C4200CF628C /* Frameworks */,
				E43FAE7015CA0C4200CF628C /* Resources */,
				E496C28115CA14DB0002DFEA /* ShellScript */,
			);
			buildRules = (
			);
			dependencies = (
			);
			name = SPROUT_Prj;
			productName = SPROUT_Prj;
			productReference = E43FAE7215CA0C4200CF628C /* SPROUT_Prj.app */;
			productType = "com.apple.product-type.application";
		};
		E43FAE9115CA0C4300CF628C /* SPROUT_PrjTests */ = {
			isa = PBXNativeTarget;
			buildConfigurationList = E43FAEA815CA0C4300CF628C /* Build configuration list for PBXNativeTarget "SPROUT_PrjTests" */;
			buildPhases = (
				E43FAE8D15CA0C4300CF628C /* Sources */,
				E43FAE8E15CA0C4300CF628C /* Frameworks */,
				E43FAE8F15CA0C4300CF628C /* Resources */,
				E43FAE9015CA0C4300CF628C /* ShellScript */,
			);
			buildRules = (
			);
			dependencies = (
				E43FAE9915CA0C4300CF628C /* PBXTargetDependency */,
			);
			name = SPROUT_PrjTests;
			productName = SPROUT_PrjTests;
			productReference = E43FAE9215CA0C4300CF628C /* SPROUT_PrjTests.octest */;
			productType = "com.apple.product-type.bundle";
		};
/* End PBXNativeTarget section */

/* Begin PBXProject section */
		E43FAE6915CA0C4200CF628C /* Project object */ = {
			isa = PBXProject;
			attributes = {
				LastUpgradeCheck = 0420;
				ORGANIZATIONNAME = BKHN;
			};
			buildConfigurationList = E43FAE6C15CA0C4200CF628C /* Build configuration list for PBXProject "SPROUT_Prj" */;
			compatibilityVersion = "Xcode 3.2";
			developmentRegion = English;
			hasScannedForEncodings = 0;
			knownRegions = (
				en,
			);
			mainGroup = E43FAE6715CA0C4200CF628C;
			productRefGroup = E43FAE7315CA0C4200CF628C /* Products */;
			projectDirPath = "";
			projectRoot = "";
			targets = (
				E43FAE7115CA0C4200CF628C /* SPROUT_Prj */,
				E43FAE9115CA0C4300CF628C /* SPROUT_PrjTests */,
			);
		};
/* End PBXProject section */

/* Begin PBXResourcesBuildPhase section */
		E43FAE7015CA0C4200CF628C /* Resources */ = {
			isa = PBXResourcesBuildPhase;
			buildActionMask = 2147483647;
			files = (
				E43FAE8315CA0C4200CF628C /* InfoPlist.strings in Resources */,
				E43FAEB015CA0C6D00CF628C /* TakePhotoViewController.xib in Resources */,
				E43FAEB415CA0F1900CF628C /* Splash.png in Resources */,
				E496C28615CA16190002DFEA /* SaveorDiscardPhotoViewController.xib in Resources */,
				E496C28815CA18E40002DFEA /* baby.png in Resources */,
				E496C29215CA1A400002DFEA /* MainViewController.xib in Resources */,
				E496C29415CA20F50002DFEA /* temCapture.png in Resources */,
				E496C29A15CA21A40002DFEA /* ContinueAfterSaveViewController.xib in Resources */,
				E496C2A415CA27FE0002DFEA /* UploadToSproutViewController.xib in Resources */,
				E496C2AE15CA29510002DFEA /* CellSproutCustomView.xib in Resources */,
				E4B82BA115CA3C6400B14E6A /* DragToSproutViewController.xib in Resources */,
				E4B82BA715CA407300B14E6A /* SelectGridSizeViewController.xib in Resources */,
				E4F6441415CA59C300E068AD /* CreateSproutViewController.xib in Resources */,
				E4F6442E15CA726D00E068AD /* SaveSproutViewController.xib in Resources */,
				E4F6443415CA7BCC00E068AD /* ViewSproutViewController.xib in Resources */,
				E4F6443E15CA8F7500E068AD /* ExportSproutViewController.xib in Resources */,
				E47AA0A715CB7D4400544164 /* SendEmailViewController.xib in Resources */,
				E47AA0AD15CB7F4D00544164 /* PurcharseCanvasViewController.xib in Resources */,
				E47AA0B315CB812500544164 /* ConfirmPurchaseViewController.xib in Resources */,
				E47AA0B915CB881F00544164 /* ViewPhotoInSproutViewController.xib in Resources */,
				E47AA0BF15CB915A00544164 /* EditImageViewController.xib in Resources */,
				E47AA0CA15CBACC000544164 /* ReminderViewController.xib in Resources */,
				E4D9D96C15CBBA27007B94C5 /* face.png in Resources */,
				E4D9D96D15CBBA27007B94C5 /* up.png in Resources */,
				E4D9D96E15CBBA27007B94C5 /* edit.png in Resources */,
				E4D9D96F15CBBA27007B94C5 /* twi.png in Resources */,
				E4D9D97815CBBAAA007B94C5 /* clock.png in Resources */,
				E4D9D97915CBBAAA007B94C5 /* viewS.png in Resources */,
				E4D9D97A15CBBAAA007B94C5 /* newS.png in Resources */,
				E4D9D97B15CBBAAA007B94C5 /* CapI.png in Resources */,
				E4D9D97C15CBBAAA007B94C5 /* LogoS.png in Resources */,
				E4D9D97D15CBBAAA007B94C5 /* LoadI.png in Resources */,
				E4D9D97E15CBBAAA007B94C5 /* Cap.png in Resources */,
				E4D9D98215CBBD47007B94C5 /* Homebut.png in Resources */,
				E4D9D98315CBBD47007B94C5 /* pur.png in Resources */,
				E4D9D98415CBBD47007B94C5 /* linkin.png in Resources */,
				E4D9D98B15CBBEA1007B94C5 /* rot.png in Resources */,
				E4D9D98C15CBBEA1007B94C5 /* eff.png in Resources */,
				E4D9D98D15CBBEA1007B94C5 /* crop.png in Resources */,
				E4D9D98E15CBBEA1007B94C5 /* cor.png in Resources */,
				E4D9D98F15CBBEA1007B94C5 /* exp.png in Resources */,
				E4D9D99015CBBEA1007B94C5 /* sav.png in Resources */,
				E4D9D99315CBBF8A007B94C5 /* saveBut.png in Resources */,
				E4D9D99415CBBF8A007B94C5 /* discardBut.png in Resources */,
				E49F20A215CE7EB600D2A932 /* FacebookSDKResources.bundle in Resources */,
				E49F20A615CE842D00D2A932 /* checked.png in Resources */,
				E4F1B56015D0AE7900558FFC /* overlaygraphic.png in Resources */,
				E4F689D315D0F57600837FBD /* icon.png in Resources */,
				E4047AAB15D1413F00C20F23 /* OverlayView.xib in Resources */,
				E4047AAE15D1425600C20F23 /* backgroundColor.png in Resources */,
				E4A92C4B15D2795D001675FB /* backgroundColor copy.png in Resources */,
				E4A92C4E15D27DB8001675FB /* Untitled-1bg001.png in Resources */,
				E4A92C4F15D27DB8001675FB /* Untitled-1bg002.png in Resources */,
				E440676D15D35F7F00F7729D /* noPhoto.png in Resources */,
				E4E5809615D3AEBE00EA9D54 /* StyleColorView.xib in Resources */,
				E4E5809C15D3B27200EA9D54 /* slider1.png in Resources */,
				E4E5809D15D3B27200EA9D54 /* slider2.png in Resources */,
				E4E5809E15D3B27200EA9D54 /* slider3.png in Resources */,
				E4E5809F15D3B27200EA9D54 /* slider.png in Resources */,
				E4E580A015D3B27200EA9D54 /* whiteslide.png in Resources */,
				E40A8BA715D3FF0B0004E841 /* StyleCropView.xib in Resources */,
				E4C9D5FC15D4CBDD00A69C5C /* FiltersView.xib in Resources */,
			);
			runOnlyForDeploymentPostprocessing = 0;
		};
		E43FAE8F15CA0C4300CF628C /* Resources */ = {
			isa = PBXResourcesBuildPhase;
			buildActionMask = 2147483647;
			files = (
				E43FAE9F15CA0C4300CF628C /* InfoPlist.strings in Resources */,
			);
			runOnlyForDeploymentPostprocessing = 0;
		};
/* End PBXResourcesBuildPhase section */

/* Begin PBXShellScriptBuildPhase section */
		E43FAE9015CA0C4300CF628C /* ShellScript */ = {
			isa = PBXShellScriptBuildPhase;
			buildActionMask = 2147483647;
			files = (
			);
			inputPaths = (
			);
			outputPaths = (
			);
			runOnlyForDeploymentPostprocessing = 0;
			shellPath = /bin/sh;
			shellScript = "# Run the unit tests in this test bundle.\n\"${SYSTEM_DEVELOPER_DIR}/Tools/RunUnitTests\"\n";
		};
		E496C28115CA14DB0002DFEA /* ShellScript */ = {
			isa = PBXShellScriptBuildPhase;
			buildActionMask = 2147483647;
			files = (
			);
			inputPaths = (
			);
			outputPaths = (
			);
			runOnlyForDeploymentPostprocessing = 0;
			shellPath = /bin/tcsh;
			shellScript = "";
		};
/* End PBXShellScriptBuildPhase section */

/* Begin PBXSourcesBuildPhase section */
		E43FAE6E15CA0C4200CF628C /* Sources */ = {
			isa = PBXSourcesBuildPhase;
			buildActionMask = 2147483647;
			files = (
				E43FAE8515CA0C4200CF628C /* main.m in Sources */,
				E43FAE8915CA0C4300CF628C /* CNCAppDelegate.m in Sources */,
				E43FAE8C15CA0C4300CF628C /* SPROUT_Prj.xcdatamodeld in Sources */,
				E43FAEAF15CA0C6D00CF628C /* TakePhotoViewController.m in Sources */,
				E496C28515CA16190002DFEA /* SaveorDiscardPhotoViewController.m in Sources */,
				E496C29115CA1A400002DFEA /* MainViewController.m in Sources */,
				E496C29915CA21A40002DFEA /* ContinueAfterSaveViewController.m in Sources */,
				E496C29E15CA25E90002DFEA /* HiddenNavigationController.m in Sources */,
				E496C2A315CA27FE0002DFEA /* UploadToSproutViewController.m in Sources */,
				E496C2AC15CA29390002DFEA /* CellSproutCustomView.m in Sources */,
				E4B82BA015CA3C6400B14E6A /* DragToSproutViewController.m in Sources */,
				E4B82BA615CA407300B14E6A /* SelectGridSizeViewController.m in Sources */,
				E4F6441315CA59C300E068AD /* CreateSproutViewController.m in Sources */,
				E4F6442D15CA726D00E068AD /* SaveSproutViewController.m in Sources */,
				E4F6443315CA7BCC00E068AD /* ViewSproutViewController.m in Sources */,
				E4F6443D15CA8F7500E068AD /* ExportSproutViewController.m in Sources */,
				E47AA0A615CB7D4400544164 /* SendEmailViewController.m in Sources */,
				E47AA0AC15CB7F4D00544164 /* PurcharseCanvasViewController.m in Sources */,
				E47AA0B215CB812500544164 /* ConfirmPurchaseViewController.m in Sources */,
				E47AA0B815CB881F00544164 /* ViewPhotoInSproutViewController.m in Sources */,
				E47AA0BE15CB915A00544164 /* EditImageViewController.m in Sources */,
				E47AA0C915CBACC000544164 /* ReminderViewController.m in Sources */,
				E40F7FC715CCCDEE00D354A7 /* DragDropImageView.m in Sources */,
				E424F30015CCFC0B006B588F /* SproutScrollView.m in Sources */,
				E459323715CF71D1009A5D1C /* Sprout.m in Sources */,
				E4F1B55E15D0AD3C00558FFC /* OverlayView.m in Sources */,
				E4E5809415D3AEAC00EA9D54 /* StyleColorView.m in Sources */,
				E40A8B9915D3F18D0004E841 /* SquareEditView.m in Sources */,
				E40A8BA215D3FC840004E841 /* ImageToDag.m in Sources */,
				E40A8BA515D3FEF30004E841 /* StyleCropView.m in Sources */,
				E4C9D5F915D4CBCB00A69C5C /* FiltersView.m in Sources */,
			);
			runOnlyForDeploymentPostprocessing = 0;
		};
		E43FAE8D15CA0C4300CF628C /* Sources */ = {
			isa = PBXSourcesBuildPhase;
			buildActionMask = 2147483647;
			files = (
				E43FAEA215CA0C4300CF628C /* SPROUT_PrjTests.m in Sources */,
			);
			runOnlyForDeploymentPostprocessing = 0;
		};
/* End PBXSourcesBuildPhase section */

/* Begin PBXTargetDependency section */
		E43FAE9915CA0C4300CF628C /* PBXTargetDependency */ = {
			isa = PBXTargetDependency;
			target = E43FAE7115CA0C4200CF628C /* SPROUT_Prj */;
			targetProxy = E43FAE9815CA0C4300CF628C /* PBXContainerItemProxy */;
		};
/* End PBXTargetDependency section */

/* Begin PBXVariantGroup section */
		E43FAE8115CA0C4200CF628C /* InfoPlist.strings */ = {
			isa = PBXVariantGroup;
			children = (
				E43FAE8215CA0C4200CF628C /* en */,
			);
			name = InfoPlist.strings;
			sourceTree = "<group>";
		};
		E43FAE9D15CA0C4300CF628C /* InfoPlist.strings */ = {
			isa = PBXVariantGroup;
			children = (
				E43FAE9E15CA0C4300CF628C /* en */,
			);
			name = InfoPlist.strings;
			sourceTree = "<group>";
		};
/* End PBXVariantGroup section */

/* Begin XCBuildConfiguration section */
		E43FAEA315CA0C4300CF628C /* Debug */ = {
			isa = XCBuildConfiguration;
			buildSettings = {
				ALWAYS_SEARCH_USER_PATHS = NO;
				ARCHS = "$(ARCHS_STANDARD_32_BIT)";
				CLANG_ENABLE_OBJC_ARC = YES;
				CODE_SIGN_IDENTITY = "iPhone Developer: Thao Nguyen Minh (CJ2KDSD4NE)";
				"CODE_SIGN_IDENTITY[sdk=iphoneos*]" = "iPhone Developer: Thao Nguyen Minh (CJ2KDSD4NE)";
				COPY_PHASE_STRIP = NO;
				GCC_C_LANGUAGE_STANDARD = gnu99;
				GCC_DYNAMIC_NO_PIC = NO;
				GCC_OPTIMIZATION_LEVEL = 0;
				GCC_PREPROCESSOR_DEFINITIONS = (
					"DEBUG=1",
					"$(inherited)",
				);
				GCC_SYMBOLS_PRIVATE_EXTERN = NO;
				GCC_VERSION = com.apple.compilers.llvm.clang.1_0;
				GCC_WARN_ABOUT_MISSING_PROTOTYPES = YES;
				GCC_WARN_ABOUT_RETURN_TYPE = YES;
				GCC_WARN_UNUSED_VARIABLE = YES;
				IPHONEOS_DEPLOYMENT_TARGET = 4.0;
				PROVISIONING_PROFILE = "18B4F83E-D062-4B2E-A204-EDDCA5523FD4";
				"PROVISIONING_PROFILE[sdk=iphoneos*]" = "18B4F83E-D062-4B2E-A204-EDDCA5523FD4";
				SDKROOT = iphoneos;
				TARGETED_DEVICE_FAMILY = "1,2";
			};
			name = Debug;
		};
		E43FAEA415CA0C4300CF628C /* Release */ = {
			isa = XCBuildConfiguration;
			buildSettings = {
				ALWAYS_SEARCH_USER_PATHS = NO;
				ARCHS = "$(ARCHS_STANDARD_32_BIT)";
				CLANG_ENABLE_OBJC_ARC = YES;
				CODE_SIGN_IDENTITY = "iPhone Developer: Thao Nguyen Minh (CJ2KDSD4NE)";
				"CODE_SIGN_IDENTITY[sdk=iphoneos*]" = "iPhone Developer: Thao Nguyen Minh (CJ2KDSD4NE)";
				COPY_PHASE_STRIP = YES;
				GCC_C_LANGUAGE_STANDARD = gnu99;
				GCC_VERSION = com.apple.compilers.llvm.clang.1_0;
				GCC_WARN_ABOUT_MISSING_PROTOTYPES = YES;
				GCC_WARN_ABOUT_RETURN_TYPE = YES;
				GCC_WARN_UNUSED_VARIABLE = YES;
				IPHONEOS_DEPLOYMENT_TARGET = 4.0;
				OTHER_CFLAGS = "-DNS_BLOCK_ASSERTIONS=1";
				PROVISIONING_PROFILE = "18B4F83E-D062-4B2E-A204-EDDCA5523FD4";
				"PROVISIONING_PROFILE[sdk=iphoneos*]" = "18B4F83E-D062-4B2E-A204-EDDCA5523FD4";
				SDKROOT = iphoneos;
				TARGETED_DEVICE_FAMILY = "1,2";
				VALIDATE_PRODUCT = YES;
			};
			name = Release;
		};
		E43FAEA615CA0C4300CF628C /* Debug */ = {
			isa = XCBuildConfiguration;
			buildSettings = {
				CODE_SIGN_IDENTITY = "iPhone Developer: Thao Nguyen Minh (CJ2KDSD4NE)";
				"CODE_SIGN_IDENTITY[sdk=iphoneos*]" = "iPhone Developer: Thao Nguyen Minh (CJ2KDSD4NE)";
				FRAMEWORK_SEARCH_PATHS = (
					"$(inherited)",
					"\"$(SRCROOT)\"",
				);
				GCC_PRECOMPILE_PREFIX_HEADER = YES;
				GCC_PREFIX_HEADER = "SPROUT_Prj/SPROUT_Prj-Prefix.pch";
				INFOPLIST_FILE = "SPROUT_Prj/SPROUT_Prj-Info.plist";
				IPHONEOS_DEPLOYMENT_TARGET = 4.0;
				OTHER_LDFLAGS = "-lsqlite3.0";
				PRODUCT_NAME = "$(TARGET_NAME)";
				PROVISIONING_PROFILE = "18B4F83E-D062-4B2E-A204-EDDCA5523FD4";
				"PROVISIONING_PROFILE[sdk=iphoneos*]" = "18B4F83E-D062-4B2E-A204-EDDCA5523FD4";
				TARGETED_DEVICE_FAMILY = "1,2";
				WARNING_LDFLAGS = "-lsqlite3.0";
				WRAPPER_EXTENSION = app;
			};
			name = Debug;
		};
		E43FAEA715CA0C4300CF628C /* Release */ = {
			isa = XCBuildConfiguration;
			buildSettings = {
				CODE_SIGN_IDENTITY = "iPhone Developer: Thao Nguyen Minh (CJ2KDSD4NE)";
				"CODE_SIGN_IDENTITY[sdk=iphoneos*]" = "iPhone Developer: Thao Nguyen Minh (CJ2KDSD4NE)";
				FRAMEWORK_SEARCH_PATHS = (
					"$(inherited)",
					"\"$(SRCROOT)\"",
				);
				GCC_PRECOMPILE_PREFIX_HEADER = YES;
				GCC_PREFIX_HEADER = "SPROUT_Prj/SPROUT_Prj-Prefix.pch";
				INFOPLIST_FILE = "SPROUT_Prj/SPROUT_Prj-Info.plist";
				IPHONEOS_DEPLOYMENT_TARGET = 4.0;
				OTHER_LDFLAGS = "-lsqlite3.0";
				PRODUCT_NAME = "$(TARGET_NAME)";
				PROVISIONING_PROFILE = "18B4F83E-D062-4B2E-A204-EDDCA5523FD4";
				"PROVISIONING_PROFILE[sdk=iphoneos*]" = "18B4F83E-D062-4B2E-A204-EDDCA5523FD4";
				TARGETED_DEVICE_FAMILY = "1,2";
				WARNING_LDFLAGS = "-lsqlite3.0";
				WRAPPER_EXTENSION = app;
			};
			name = Release;
		};
		E43FAEA915CA0C4300CF628C /* Debug */ = {
			isa = XCBuildConfiguration;
			buildSettings = {
				BUNDLE_LOADER = "$(BUILT_PRODUCTS_DIR)/SPROUT_Prj.app/SPROUT_Prj";
				FRAMEWORK_SEARCH_PATHS = (
					"$(SDKROOT)/Developer/Library/Frameworks",
					"$(DEVELOPER_LIBRARY_DIR)/Frameworks",
				);
				GCC_PRECOMPILE_PREFIX_HEADER = YES;
				GCC_PREFIX_HEADER = "SPROUT_Prj/SPROUT_Prj-Prefix.pch";
				INFOPLIST_FILE = "SPROUT_PrjTests/SPROUT_PrjTests-Info.plist";
				PRODUCT_NAME = "$(TARGET_NAME)";
				TEST_HOST = "$(BUNDLE_LOADER)";
				WRAPPER_EXTENSION = octest;
			};
			name = Debug;
		};
		E43FAEAA15CA0C4300CF628C /* Release */ = {
			isa = XCBuildConfiguration;
			buildSettings = {
				BUNDLE_LOADER = "$(BUILT_PRODUCTS_DIR)/SPROUT_Prj.app/SPROUT_Prj";
				FRAMEWORK_SEARCH_PATHS = (
					"$(SDKROOT)/Developer/Library/Frameworks",
					"$(DEVELOPER_LIBRARY_DIR)/Frameworks",
				);
				GCC_PRECOMPILE_PREFIX_HEADER = YES;
				GCC_PREFIX_HEADER = "SPROUT_Prj/SPROUT_Prj-Prefix.pch";
				INFOPLIST_FILE = "SPROUT_PrjTests/SPROUT_PrjTests-Info.plist";
				PRODUCT_NAME = "$(TARGET_NAME)";
				TEST_HOST = "$(BUNDLE_LOADER)";
				WRAPPER_EXTENSION = octest;
			};
			name = Release;
		};
/* End XCBuildConfiguration section */

/* Begin XCConfigurationList section */
		E43FAE6C15CA0C4200CF628C /* Build configuration list for PBXProject "SPROUT_Prj" */ = {
			isa = XCConfigurationList;
			buildConfigurations = (
				E43FAEA315CA0C4300CF628C /* Debug */,
				E43FAEA415CA0C4300CF628C /* Release */,
			);
			defaultConfigurationIsVisible = 0;
			defaultConfigurationName = Release;
		};
		E43FAEA515CA0C4300CF628C /* Build configuration list for PBXNativeTarget "SPROUT_Prj" */ = {
			isa = XCConfigurationList;
			buildConfigurations = (
				E43FAEA615CA0C4300CF628C /* Debug */,
				E43FAEA715CA0C4300CF628C /* Release */,
			);
			defaultConfigurationIsVisible = 0;
			defaultConfigurationName = Release;
		};
		E43FAEA815CA0C4300CF628C /* Build configuration list for PBXNativeTarget "SPROUT_PrjTests" */ = {
			isa = XCConfigurationList;
			buildConfigurations = (
				E43FAEA915CA0C4300CF628C /* Debug */,
				E43FAEAA15CA0C4300CF628C /* Release */,
			);
			defaultConfigurationIsVisible = 0;
			defaultConfigurationName = Release;
		};
/* End XCConfigurationList section */

/* Begin XCVersionGroup section */
		E43FAE8A15CA0C4300CF628C /* SPROUT_Prj.xcdatamodeld */ = {
			isa = XCVersionGroup;
			children = (
				E43FAE8B15CA0C4300CF628C /* SPROUT_Prj.xcdatamodel */,
			);
			currentVersion = E43FAE8B15CA0C4300CF628C /* SPROUT_Prj.xcdatamodel */;
			path = SPROUT_Prj.xcdatamodeld;
			sourceTree = "<group>";
			versionGroupType = wrapper.xcdatamodel;
		};
/* End XCVersionGroup section */
	};
	rootObject = E43FAE6915CA0C4200CF628C /* Project object */;
}
